// !$*UTF8*$!
{
	archiveVersion = 1;
	classes = {
	};
	objectVersion = 56;
	objects = {

/* Begin PBXBuildFile section */
		F2E74CE62921F73500BD35F6 /* TodayworkoutDoneApp.swift in Sources */ = {isa = PBXBuildFile; fileRef = F2E74CE52921F73500BD35F6 /* TodayworkoutDoneApp.swift */; };
		F2E74CE82921F73500BD35F6 /* ContentView.swift in Sources */ = {isa = PBXBuildFile; fileRef = F2E74CE72921F73500BD35F6 /* ContentView.swift */; };
		F2E74CEA2921F73600BD35F6 /* Assets.xcassets in Resources */ = {isa = PBXBuildFile; fileRef = F2E74CE92921F73600BD35F6 /* Assets.xcassets */; };
		F2E74CEE2921F73600BD35F6 /* Preview Assets.xcassets in Resources */ = {isa = PBXBuildFile; fileRef = F2E74CED2921F73600BD35F6 /* Preview Assets.xcassets */; };
		F2E74CF82921F73600BD35F6 /* TodayworkoutDoneTests.swift in Sources */ = {isa = PBXBuildFile; fileRef = F2E74CF72921F73600BD35F6 /* TodayworkoutDoneTests.swift */; };
		F2E74D022921F73600BD35F6 /* TodayworkoutDoneUITests.swift in Sources */ = {isa = PBXBuildFile; fileRef = F2E74D012921F73600BD35F6 /* TodayworkoutDoneUITests.swift */; };
		F2E74D042921F73600BD35F6 /* TodayworkoutDoneUITestsLaunchTests.swift in Sources */ = {isa = PBXBuildFile; fileRef = F2E74D032921F73600BD35F6 /* TodayworkoutDoneUITestsLaunchTests.swift */; };
/* End PBXBuildFile section */

/* Begin PBXContainerItemProxy section */
		F2E74CF42921F73600BD35F6 /* PBXContainerItemProxy */ = {
			isa = PBXContainerItemProxy;
			containerPortal = F2E74CDA2921F73500BD35F6 /* Project object */;
			proxyType = 1;
			remoteGlobalIDString = F2E74CE12921F73500BD35F6;
			remoteInfo = TodayworkoutDone;
		};
		F2E74CFE2921F73600BD35F6 /* PBXContainerItemProxy */ = {
			isa = PBXContainerItemProxy;
			containerPortal = F2E74CDA2921F73500BD35F6 /* Project object */;
			proxyType = 1;
			remoteGlobalIDString = F2E74CE12921F73500BD35F6;
			remoteInfo = TodayworkoutDone;
		};
/* End PBXContainerItemProxy section */

/* Begin PBXFileReference section */
		F2E74CE22921F73500BD35F6 /* TodayworkoutDone.app */ = {isa = PBXFileReference; explicitFileType = wrapper.application; includeInIndex = 0; path = TodayworkoutDone.app; sourceTree = BUILT_PRODUCTS_DIR; };
		F2E74CE52921F73500BD35F6 /* TodayworkoutDoneApp.swift */ = {isa = PBXFileReference; lastKnownFileType = sourcecode.swift; path = TodayworkoutDoneApp.swift; sourceTree = "<group>"; };
		F2E74CE72921F73500BD35F6 /* ContentView.swift */ = {isa = PBXFileReference; lastKnownFileType = sourcecode.swift; path = ContentView.swift; sourceTree = "<group>"; };
		F2E74CE92921F73600BD35F6 /* Assets.xcassets */ = {isa = PBXFileReference; lastKnownFileType = folder.assetcatalog; path = Assets.xcassets; sourceTree = "<group>"; };
		F2E74CEB2921F73600BD35F6 /* TodayworkoutDone.entitlements */ = {isa = PBXFileReference; lastKnownFileType = text.plist.entitlements; path = TodayworkoutDone.entitlements; sourceTree = "<group>"; };
		F2E74CED2921F73600BD35F6 /* Preview Assets.xcassets */ = {isa = PBXFileReference; lastKnownFileType = folder.assetcatalog; path = "Preview Assets.xcassets"; sourceTree = "<group>"; };
		F2E74CF32921F73600BD35F6 /* TodayworkoutDoneTests.xctest */ = {isa = PBXFileReference; explicitFileType = wrapper.cfbundle; includeInIndex = 0; path = TodayworkoutDoneTests.xctest; sourceTree = BUILT_PRODUCTS_DIR; };
		F2E74CF72921F73600BD35F6 /* TodayworkoutDoneTests.swift */ = {isa = PBXFileReference; lastKnownFileType = sourcecode.swift; path = TodayworkoutDoneTests.swift; sourceTree = "<group>"; };
		F2E74CFD2921F73600BD35F6 /* TodayworkoutDoneUITests.xctest */ = {isa = PBXFileReference; explicitFileType = wrapper.cfbundle; includeInIndex = 0; path = TodayworkoutDoneUITests.xctest; sourceTree = BUILT_PRODUCTS_DIR; };
		F2E74D012921F73600BD35F6 /* TodayworkoutDoneUITests.swift */ = {isa = PBXFileReference; lastKnownFileType = sourcecode.swift; path = TodayworkoutDoneUITests.swift; sourceTree = "<group>"; };
		F2E74D032921F73600BD35F6 /* TodayworkoutDoneUITestsLaunchTests.swift */ = {isa = PBXFileReference; lastKnownFileType = sourcecode.swift; path = TodayworkoutDoneUITestsLaunchTests.swift; sourceTree = "<group>"; };
/* End PBXFileReference section */

/* Begin PBXFrameworksBuildPhase section */
		F2E74CDF2921F73500BD35F6 /* Frameworks */ = {
			isa = PBXFrameworksBuildPhase;
			buildActionMask = 2147483647;
			files = (
			);
			runOnlyForDeploymentPostprocessing = 0;
		};
		F2E74CF02921F73600BD35F6 /* Frameworks */ = {
			isa = PBXFrameworksBuildPhase;
			buildActionMask = 2147483647;
			files = (
			);
			runOnlyForDeploymentPostprocessing = 0;
		};
		F2E74CFA2921F73600BD35F6 /* Frameworks */ = {
			isa = PBXFrameworksBuildPhase;
			buildActionMask = 2147483647;
			files = (
			);
			runOnlyForDeploymentPostprocessing = 0;
		};
/* End PBXFrameworksBuildPhase section */

/* Begin PBXGroup section */
		F2E74CD92921F73500BD35F6 = {
			isa = PBXGroup;
			children = (
				F2E74CE42921F73500BD35F6 /* TodayworkoutDone */,
				F2E74CF62921F73600BD35F6 /* TodayworkoutDoneTests */,
				F2E74D002921F73600BD35F6 /* TodayworkoutDoneUITests */,
				F2E74CE32921F73500BD35F6 /* Products */,
			);
			sourceTree = "<group>";
		};
		F2E74CE32921F73500BD35F6 /* Products */ = {
			isa = PBXGroup;
			children = (
				F2E74CE22921F73500BD35F6 /* TodayworkoutDone.app */,
				F2E74CF32921F73600BD35F6 /* TodayworkoutDoneTests.xctest */,
				F2E74CFD2921F73600BD35F6 /* TodayworkoutDoneUITests.xctest */,
			);
			name = Products;
			sourceTree = "<group>";
		};
		F2E74CE42921F73500BD35F6 /* TodayworkoutDone */ = {
			isa = PBXGroup;
			children = (
				F2E74CE52921F73500BD35F6 /* TodayworkoutDoneApp.swift */,
				F2E74CE72921F73500BD35F6 /* ContentView.swift */,
				F2E74CE92921F73600BD35F6 /* Assets.xcassets */,
				F2E74CEB2921F73600BD35F6 /* TodayworkoutDone.entitlements */,
				F2E74CEC2921F73600BD35F6 /* Preview Content */,
			);
			path = TodayworkoutDone;
			sourceTree = "<group>";
		};
		F2E74CEC2921F73600BD35F6 /* Preview Content */ = {
			isa = PBXGroup;
			children = (
				F2E74CED2921F73600BD35F6 /* Preview Assets.xcassets */,
			);
			path = "Preview Content";
			sourceTree = "<group>";
		};
		F2E74CF62921F73600BD35F6 /* TodayworkoutDoneTests */ = {
			isa = PBXGroup;
			children = (
				F2E74CF72921F73600BD35F6 /* TodayworkoutDoneTests.swift */,
			);
			path = TodayworkoutDoneTests;
			sourceTree = "<group>";
		};
		F2E74D002921F73600BD35F6 /* TodayworkoutDoneUITests */ = {
			isa = PBXGroup;
			children = (
				F2E74D012921F73600BD35F6 /* TodayworkoutDoneUITests.swift */,
				F2E74D032921F73600BD35F6 /* TodayworkoutDoneUITestsLaunchTests.swift */,
			);
			path = TodayworkoutDoneUITests;
			sourceTree = "<group>";
		};
/* End PBXGroup section */

/* Begin PBXNativeTarget section */
		F2E74CE12921F73500BD35F6 /* TodayworkoutDone */ = {
			isa = PBXNativeTarget;
			buildConfigurationList = F2E74D072921F73600BD35F6 /* Build configuration list for PBXNativeTarget "TodayworkoutDone" */;
			buildPhases = (
				F2E74CDE2921F73500BD35F6 /* Sources */,
				F2E74CDF2921F73500BD35F6 /* Frameworks */,
				F2E74CE02921F73500BD35F6 /* Resources */,
			);
			buildRules = (
			);
			dependencies = (
			);
			name = TodayworkoutDone;
			productName = TodayworkoutDone;
			productReference = F2E74CE22921F73500BD35F6 /* TodayworkoutDone.app */;
			productType = "com.apple.product-type.application";
		};
		F2E74CF22921F73600BD35F6 /* TodayworkoutDoneTests */ = {
			isa = PBXNativeTarget;
			buildConfigurationList = F2E74D0A2921F73600BD35F6 /* Build configuration list for PBXNativeTarget "TodayworkoutDoneTests" */;
			buildPhases = (
				F2E74CEF2921F73600BD35F6 /* Sources */,
				F2E74CF02921F73600BD35F6 /* Frameworks */,
				F2E74CF12921F73600BD35F6 /* Resources */,
			);
			buildRules = (
			);
			dependencies = (
				F2E74CF52921F73600BD35F6 /* PBXTargetDependency */,
			);
			name = TodayworkoutDoneTests;
			productName = TodayworkoutDoneTests;
			productReference = F2E74CF32921F73600BD35F6 /* TodayworkoutDoneTests.xctest */;
			productType = "com.apple.product-type.bundle.unit-test";
		};
		F2E74CFC2921F73600BD35F6 /* TodayworkoutDoneUITests */ = {
			isa = PBXNativeTarget;
			buildConfigurationList = F2E74D0D2921F73600BD35F6 /* Build configuration list for PBXNativeTarget "TodayworkoutDoneUITests" */;
			buildPhases = (
				F2E74CF92921F73600BD35F6 /* Sources */,
				F2E74CFA2921F73600BD35F6 /* Frameworks */,
				F2E74CFB2921F73600BD35F6 /* Resources */,
			);
			buildRules = (
			);
			dependencies = (
				F2E74CFF2921F73600BD35F6 /* PBXTargetDependency */,
			);
			name = TodayworkoutDoneUITests;
			productName = TodayworkoutDoneUITests;
			productReference = F2E74CFD2921F73600BD35F6 /* TodayworkoutDoneUITests.xctest */;
			productType = "com.apple.product-type.bundle.ui-testing";
		};
/* End PBXNativeTarget section */

/* Begin PBXProject section */
		F2E74CDA2921F73500BD35F6 /* Project object */ = {
			isa = PBXProject;
			attributes = {
				BuildIndependentTargetsInParallel = 1;
				LastSwiftUpdateCheck = 1410;
				LastUpgradeCheck = 1410;
				TargetAttributes = {
					F2E74CE12921F73500BD35F6 = {
						CreatedOnToolsVersion = 14.1;
					};
					F2E74CF22921F73600BD35F6 = {
						CreatedOnToolsVersion = 14.1;
						TestTargetID = F2E74CE12921F73500BD35F6;
					};
					F2E74CFC2921F73600BD35F6 = {
						CreatedOnToolsVersion = 14.1;
						TestTargetID = F2E74CE12921F73500BD35F6;
					};
				};
			};
			buildConfigurationList = F2E74CDD2921F73500BD35F6 /* Build configuration list for PBXProject "TodayworkoutDone" */;
			compatibilityVersion = "Xcode 14.0";
			developmentRegion = en;
			hasScannedForEncodings = 0;
			knownRegions = (
				en,
				Base,
			);
			mainGroup = F2E74CD92921F73500BD35F6;
			productRefGroup = F2E74CE32921F73500BD35F6 /* Products */;
			projectDirPath = "";
			projectRoot = "";
			targets = (
				F2E74CE12921F73500BD35F6 /* TodayworkoutDone */,
				F2E74CF22921F73600BD35F6 /* TodayworkoutDoneTests */,
				F2E74CFC2921F73600BD35F6 /* TodayworkoutDoneUITests */,
			);
		};
/* End PBXProject section */

/* Begin PBXResourcesBuildPhase section */
		F2E74CE02921F73500BD35F6 /* Resources */ = {
			isa = PBXResourcesBuildPhase;
			buildActionMask = 2147483647;
			files = (
				F2E74CEE2921F73600BD35F6 /* Preview Assets.xcassets in Resources */,
				F2E74CEA2921F73600BD35F6 /* Assets.xcassets in Resources */,
			);
			runOnlyForDeploymentPostprocessing = 0;
		};
		F2E74CF12921F73600BD35F6 /* Resources */ = {
			isa = PBXResourcesBuildPhase;
			buildActionMask = 2147483647;
			files = (
			);
			runOnlyForDeploymentPostprocessing = 0;
		};
		F2E74CFB2921F73600BD35F6 /* Resources */ = {
			isa = PBXResourcesBuildPhase;
			buildActionMask = 2147483647;
			files = (
			);
			runOnlyForDeploymentPostprocessing = 0;
		};
/* End PBXResourcesBuildPhase section */

/* Begin PBXSourcesBuildPhase section */
		F2E74CDE2921F73500BD35F6 /* Sources */ = {
			isa = PBXSourcesBuildPhase;
			buildActionMask = 2147483647;
			files = (
				F2E74CE82921F73500BD35F6 /* ContentView.swift in Sources */,
				F2E74CE62921F73500BD35F6 /* TodayworkoutDoneApp.swift in Sources */,
			);
			runOnlyForDeploymentPostprocessing = 0;
		};
		F2E74CEF2921F73600BD35F6 /* Sources */ = {
			isa = PBXSourcesBuildPhase;
			buildActionMask = 2147483647;
			files = (
				F2E74CF82921F73600BD35F6 /* TodayworkoutDoneTests.swift in Sources */,
			);
			runOnlyForDeploymentPostprocessing = 0;
		};
		F2E74CF92921F73600BD35F6 /* Sources */ = {
			isa = PBXSourcesBuildPhase;
			buildActionMask = 2147483647;
			files = (
				F2E74D042921F73600BD35F6 /* TodayworkoutDoneUITestsLaunchTests.swift in Sources */,
				F2E74D022921F73600BD35F6 /* TodayworkoutDoneUITests.swift in Sources */,
			);
			runOnlyForDeploymentPostprocessing = 0;
		};
/* End PBXSourcesBuildPhase section */

/* Begin PBXTargetDependency section */
		F2E74CF52921F73600BD35F6 /* PBXTargetDependency */ = {
			isa = PBXTargetDependency;
			target = F2E74CE12921F73500BD35F6 /* TodayworkoutDone */;
			targetProxy = F2E74CF42921F73600BD35F6 /* PBXContainerItemProxy */;
		};
		F2E74CFF2921F73600BD35F6 /* PBXTargetDependency */ = {
			isa = PBXTargetDependency;
			target = F2E74CE12921F73500BD35F6 /* TodayworkoutDone */;
			targetProxy = F2E74CFE2921F73600BD35F6 /* PBXContainerItemProxy */;
		};
/* End PBXTargetDependency section */

/* Begin XCBuildConfiguration section */
		F2E74D052921F73600BD35F6 /* Debug */ = {
			isa = XCBuildConfiguration;
			buildSettings = {
				ALWAYS_SEARCH_USER_PATHS = NO;
				CLANG_ANALYZER_NONNULL = YES;
				CLANG_ANALYZER_NUMBER_OBJECT_CONVERSION = YES_AGGRESSIVE;
				CLANG_CXX_LANGUAGE_STANDARD = "gnu++20";
				CLANG_ENABLE_MODULES = YES;
				CLANG_ENABLE_OBJC_ARC = YES;
				CLANG_ENABLE_OBJC_WEAK = YES;
				CLANG_WARN_BLOCK_CAPTURE_AUTORELEASING = YES;
				CLANG_WARN_BOOL_CONVERSION = YES;
				CLANG_WARN_COMMA = YES;
				CLANG_WARN_CONSTANT_CONVERSION = YES;
				CLANG_WARN_DEPRECATED_OBJC_IMPLEMENTATIONS = YES;
				CLANG_WARN_DIRECT_OBJC_ISA_USAGE = YES_ERROR;
				CLANG_WARN_DOCUMENTATION_COMMENTS = YES;
				CLANG_WARN_EMPTY_BODY = YES;
				CLANG_WARN_ENUM_CONVERSION = YES;
				CLANG_WARN_INFINITE_RECURSION = YES;
				CLANG_WARN_INT_CONVERSION = YES;
				CLANG_WARN_NON_LITERAL_NULL_CONVERSION = YES;
				CLANG_WARN_OBJC_IMPLICIT_RETAIN_SELF = YES;
				CLANG_WARN_OBJC_LITERAL_CONVERSION = YES;
				CLANG_WARN_OBJC_ROOT_CLASS = YES_ERROR;
				CLANG_WARN_QUOTED_INCLUDE_IN_FRAMEWORK_HEADER = YES;
				CLANG_WARN_RANGE_LOOP_ANALYSIS = YES;
				CLANG_WARN_STRICT_PROTOTYPES = YES;
				CLANG_WARN_SUSPICIOUS_MOVE = YES;
				CLANG_WARN_UNGUARDED_AVAILABILITY = YES_AGGRESSIVE;
				CLANG_WARN_UNREACHABLE_CODE = YES;
				CLANG_WARN__DUPLICATE_METHOD_MATCH = YES;
				COPY_PHASE_STRIP = NO;
				DEBUG_INFORMATION_FORMAT = dwarf;
				ENABLE_STRICT_OBJC_MSGSEND = YES;
				ENABLE_TESTABILITY = YES;
				GCC_C_LANGUAGE_STANDARD = gnu11;
				GCC_DYNAMIC_NO_PIC = NO;
				GCC_NO_COMMON_BLOCKS = YES;
				GCC_OPTIMIZATION_LEVEL = 0;
				GCC_PREPROCESSOR_DEFINITIONS = (
					"DEBUG=1",
					"$(inherited)",
				);
				GCC_WARN_64_TO_32_BIT_CONVERSION = YES;
				GCC_WARN_ABOUT_RETURN_TYPE = YES_ERROR;
				GCC_WARN_UNDECLARED_SELECTOR = YES;
				GCC_WARN_UNINITIALIZED_AUTOS = YES_AGGRESSIVE;
				GCC_WARN_UNUSED_FUNCTION = YES;
				GCC_WARN_UNUSED_VARIABLE = YES;
				MTL_ENABLE_DEBUG_INFO = INCLUDE_SOURCE;
				MTL_FAST_MATH = YES;
				ONLY_ACTIVE_ARCH = YES;
				SWIFT_ACTIVE_COMPILATION_CONDITIONS = DEBUG;
				SWIFT_OPTIMIZATION_LEVEL = "-Onone";
			};
			name = Debug;
		};
		F2E74D062921F73600BD35F6 /* Release */ = {
			isa = XCBuildConfiguration;
			buildSettings = {
				ALWAYS_SEARCH_USER_PATHS = NO;
				CLANG_ANALYZER_NONNULL = YES;
				CLANG_ANALYZER_NUMBER_OBJECT_CONVERSION = YES_AGGRESSIVE;
				CLANG_CXX_LANGUAGE_STANDARD = "gnu++20";
				CLANG_ENABLE_MODULES = YES;
				CLANG_ENABLE_OBJC_ARC = YES;
				CLANG_ENABLE_OBJC_WEAK = YES;
				CLANG_WARN_BLOCK_CAPTURE_AUTORELEASING = YES;
				CLANG_WARN_BOOL_CONVERSION = YES;
				CLANG_WARN_COMMA = YES;
				CLANG_WARN_CONSTANT_CONVERSION = YES;
				CLANG_WARN_DEPRECATED_OBJC_IMPLEMENTATIONS = YES;
				CLANG_WARN_DIRECT_OBJC_ISA_USAGE = YES_ERROR;
				CLANG_WARN_DOCUMENTATION_COMMENTS = YES;
				CLANG_WARN_EMPTY_BODY = YES;
				CLANG_WARN_ENUM_CONVERSION = YES;
				CLANG_WARN_INFINITE_RECURSION = YES;
				CLANG_WARN_INT_CONVERSION = YES;
				CLANG_WARN_NON_LITERAL_NULL_CONVERSION = YES;
				CLANG_WARN_OBJC_IMPLICIT_RETAIN_SELF = YES;
				CLANG_WARN_OBJC_LITERAL_CONVERSION = YES;
				CLANG_WARN_OBJC_ROOT_CLASS = YES_ERROR;
				CLANG_WARN_QUOTED_INCLUDE_IN_FRAMEWORK_HEADER = YES;
				CLANG_WARN_RANGE_LOOP_ANALYSIS = YES;
				CLANG_WARN_STRICT_PROTOTYPES = YES;
				CLANG_WARN_SUSPICIOUS_MOVE = YES;
				CLANG_WARN_UNGUARDED_AVAILABILITY = YES_AGGRESSIVE;
				CLANG_WARN_UNREACHABLE_CODE = YES;
				CLANG_WARN__DUPLICATE_METHOD_MATCH = YES;
				COPY_PHASE_STRIP = NO;
				DEBUG_INFORMATION_FORMAT = "dwarf-with-dsym";
				ENABLE_NS_ASSERTIONS = NO;
				ENABLE_STRICT_OBJC_MSGSEND = YES;
				GCC_C_LANGUAGE_STANDARD = gnu11;
				GCC_NO_COMMON_BLOCKS = YES;
				GCC_WARN_64_TO_32_BIT_CONVERSION = YES;
				GCC_WARN_ABOUT_RETURN_TYPE = YES_ERROR;
				GCC_WARN_UNDECLARED_SELECTOR = YES;
				GCC_WARN_UNINITIALIZED_AUTOS = YES_AGGRESSIVE;
				GCC_WARN_UNUSED_FUNCTION = YES;
				GCC_WARN_UNUSED_VARIABLE = YES;
				MTL_ENABLE_DEBUG_INFO = NO;
				MTL_FAST_MATH = YES;
				SWIFT_COMPILATION_MODE = wholemodule;
				SWIFT_OPTIMIZATION_LEVEL = "-O";
			};
			name = Release;
		};
		F2E74D082921F73600BD35F6 /* Debug */ = {
			isa = XCBuildConfiguration;
			buildSettings = {
				ASSETCATALOG_COMPILER_APPICON_NAME = AppIcon;
				ASSETCATALOG_COMPILER_GLOBAL_ACCENT_COLOR_NAME = AccentColor;
				CODE_SIGN_ENTITLEMENTS = TodayworkoutDone/TodayworkoutDone.entitlements;
				CODE_SIGN_STYLE = Automatic;
				CURRENT_PROJECT_VERSION = 1;
				DEVELOPMENT_ASSET_PATHS = "\"TodayworkoutDone/Preview Content\"";
				DEVELOPMENT_TEAM = 3YQP9392XF;
				ENABLE_HARDENED_RUNTIME = YES;
				ENABLE_PREVIEWS = YES;
				GENERATE_INFOPLIST_FILE = YES;
				"INFOPLIST_KEY_UIApplicationSceneManifest_Generation[sdk=iphoneos*]" = YES;
				"INFOPLIST_KEY_UIApplicationSceneManifest_Generation[sdk=iphonesimulator*]" = YES;
				"INFOPLIST_KEY_UIApplicationSupportsIndirectInputEvents[sdk=iphoneos*]" = YES;
				"INFOPLIST_KEY_UIApplicationSupportsIndirectInputEvents[sdk=iphonesimulator*]" = YES;
				"INFOPLIST_KEY_UILaunchScreen_Generation[sdk=iphoneos*]" = YES;
				"INFOPLIST_KEY_UILaunchScreen_Generation[sdk=iphonesimulator*]" = YES;
				"INFOPLIST_KEY_UIStatusBarStyle[sdk=iphoneos*]" = UIStatusBarStyleDefault;
				"INFOPLIST_KEY_UIStatusBarStyle[sdk=iphonesimulator*]" = UIStatusBarStyleDefault;
				INFOPLIST_KEY_UISupportedInterfaceOrientations_iPad = "UIInterfaceOrientationPortrait UIInterfaceOrientationPortraitUpsideDown UIInterfaceOrientationLandscapeLeft UIInterfaceOrientationLandscapeRight";
				INFOPLIST_KEY_UISupportedInterfaceOrientations_iPhone = "UIInterfaceOrientationPortrait UIInterfaceOrientationLandscapeLeft UIInterfaceOrientationLandscapeRight";
				IPHONEOS_DEPLOYMENT_TARGET = 16.1;
				LD_RUNPATH_SEARCH_PATHS = "@executable_path/Frameworks";
				"LD_RUNPATH_SEARCH_PATHS[sdk=macosx*]" = "@executable_path/../Frameworks";
				MACOSX_DEPLOYMENT_TARGET = 13.0;
				MARKETING_VERSION = 1.0;
				PRODUCT_BUNDLE_IDENTIFIER = com.ocean.TodayworkoutDone;
				PRODUCT_NAME = "$(TARGET_NAME)";
				SDKROOT = auto;
				SUPPORTED_PLATFORMS = "iphoneos iphonesimulator macosx";
				SWIFT_EMIT_LOC_STRINGS = YES;
				SWIFT_VERSION = 5.0;
				TARGETED_DEVICE_FAMILY = "1,2";
			};
			name = Debug;
		};
		F2E74D092921F73600BD35F6 /* Release */ = {
			isa = XCBuildConfiguration;
			buildSettings = {
				ASSETCATALOG_COMPILER_APPICON_NAME = AppIcon;
				ASSETCATALOG_COMPILER_GLOBAL_ACCENT_COLOR_NAME = AccentColor;
				CODE_SIGN_ENTITLEMENTS = TodayworkoutDone/TodayworkoutDone.entitlements;
				CODE_SIGN_STYLE = Automatic;
				CURRENT_PROJECT_VERSION = 1;
				DEVELOPMENT_ASSET_PATHS = "\"TodayworkoutDone/Preview Content\"";
				DEVELOPMENT_TEAM = 3YQP9392XF;
				ENABLE_HARDENED_RUNTIME = YES;
				ENABLE_PREVIEWS = YES;
				GENERATE_INFOPLIST_FILE = YES;
				"INFOPLIST_KEY_UIApplicationSceneManifest_Generation[sdk=iphoneos*]" = YES;
				"INFOPLIST_KEY_UIApplicationSceneManifest_Generation[sdk=iphonesimulator*]" = YES;
				"INFOPLIST_KEY_UIApplicationSupportsIndirectInputEvents[sdk=iphoneos*]" = YES;
				"INFOPLIST_KEY_UIApplicationSupportsIndirectInputEvents[sdk=iphonesimulator*]" = YES;
				"INFOPLIST_KEY_UILaunchScreen_Generation[sdk=iphoneos*]" = YES;
				"INFOPLIST_KEY_UILaunchScreen_Generation[sdk=iphonesimulator*]" = YES;
				"INFOPLIST_KEY_UIStatusBarStyle[sdk=iphoneos*]" = UIStatusBarStyleDefault;
				"INFOPLIST_KEY_UIStatusBarStyle[sdk=iphonesimulator*]" = UIStatusBarStyleDefault;
				INFOPLIST_KEY_UISupportedInterfaceOrientations_iPad = "UIInterfaceOrientationPortrait UIInterfaceOrientationPortraitUpsideDown UIInterfaceOrientationLandscapeLeft UIInterfaceOrientationLandscapeRight";
				INFOPLIST_KEY_UISupportedInterfaceOrientations_iPhone = "UIInterfaceOrientationPortrait UIInterfaceOrientationLandscapeLeft UIInterfaceOrientationLandscapeRight";
				IPHONEOS_DEPLOYMENT_TARGET = 16.1;
				LD_RUNPATH_SEARCH_PATHS = "@executable_path/Frameworks";
				"LD_RUNPATH_SEARCH_PATHS[sdk=macosx*]" = "@executable_path/../Frameworks";
				MACOSX_DEPLOYMENT_TARGET = 13.0;
				MARKETING_VERSION = 1.0;
				PRODUCT_BUNDLE_IDENTIFIER = com.ocean.TodayworkoutDone;
				PRODUCT_NAME = "$(TARGET_NAME)";
				SDKROOT = auto;
				SUPPORTED_PLATFORMS = "iphoneos iphonesimulator macosx";
				SWIFT_EMIT_LOC_STRINGS = YES;
				SWIFT_VERSION = 5.0;
				TARGETED_DEVICE_FAMILY = "1,2";
			};
			name = Release;
		};
		F2E74D0B2921F73600BD35F6 /* Debug */ = {
			isa = XCBuildConfiguration;
			buildSettings = {
				ALWAYS_EMBED_SWIFT_STANDARD_LIBRARIES = YES;
				BUNDLE_LOADER = "$(TEST_HOST)";
				CODE_SIGN_STYLE = Automatic;
				CURRENT_PROJECT_VERSION = 1;
				DEVELOPMENT_TEAM = 3YQP9392XF;
				GENERATE_INFOPLIST_FILE = YES;
				IPHONEOS_DEPLOYMENT_TARGET = 16.1;
				MACOSX_DEPLOYMENT_TARGET = 13.0;
				MARKETING_VERSION = 1.0;
				PRODUCT_BUNDLE_IDENTIFIER = com.ocean.TodayworkoutDoneTests;
				PRODUCT_NAME = "$(TARGET_NAME)";
				SDKROOT = auto;
				SUPPORTED_PLATFORMS = "iphoneos iphonesimulator macosx";
				SWIFT_EMIT_LOC_STRINGS = NO;
				SWIFT_VERSION = 5.0;
				TARGETED_DEVICE_FAMILY = "1,2";
				TEST_HOST = "$(BUILT_PRODUCTS_DIR)/TodayworkoutDone.app/$(BUNDLE_EXECUTABLE_FOLDER_PATH)/TodayworkoutDone";
			};
			name = Debug;
		};
		F2E74D0C2921F73600BD35F6 /* Release */ = {
			isa = XCBuildConfiguration;
			buildSettings = {
				ALWAYS_EMBED_SWIFT_STANDARD_LIBRARIES = YES;
				BUNDLE_LOADER = "$(TEST_HOST)";
				CODE_SIGN_STYLE = Automatic;
				CURRENT_PROJECT_VERSION = 1;
				DEVELOPMENT_TEAM = 3YQP9392XF;
				GENERATE_INFOPLIST_FILE = YES;
				IPHONEOS_DEPLOYMENT_TARGET = 16.1;
				MACOSX_DEPLOYMENT_TARGET = 13.0;
				MARKETING_VERSION = 1.0;
				PRODUCT_BUNDLE_IDENTIFIER = com.ocean.TodayworkoutDoneTests;
				PRODUCT_NAME = "$(TARGET_NAME)";
				SDKROOT = auto;
				SUPPORTED_PLATFORMS = "iphoneos iphonesimulator macosx";
				SWIFT_EMIT_LOC_STRINGS = NO;
				SWIFT_VERSION = 5.0;
				TARGETED_DEVICE_FAMILY = "1,2";
				TEST_HOST = "$(BUILT_PRODUCTS_DIR)/TodayworkoutDone.app/$(BUNDLE_EXECUTABLE_FOLDER_PATH)/TodayworkoutDone";
			};
			name = Release;
		};
		F2E74D0E2921F73600BD35F6 /* Debug */ = {
			isa = XCBuildConfiguration;
			buildSettings = {
				ALWAYS_EMBED_SWIFT_STANDARD_LIBRARIES = YES;
				CODE_SIGN_STYLE = Automatic;
				CURRENT_PROJECT_VERSION = 1;
				DEVELOPMENT_TEAM = 3YQP9392XF;
				GENERATE_INFOPLIST_FILE = YES;
				IPHONEOS_DEPLOYMENT_TARGET = 16.1;
				MACOSX_DEPLOYMENT_TARGET = 13.0;
				MARKETING_VERSION = 1.0;
				PRODUCT_BUNDLE_IDENTIFIER = com.ocean.TodayworkoutDoneUITests;
				PRODUCT_NAME = "$(TARGET_NAME)";
				SDKROOT = auto;
				SUPPORTED_PLATFORMS = "iphoneos iphonesimulator macosx";
				SWIFT_EMIT_LOC_STRINGS = NO;
				SWIFT_VERSION = 5.0;
				TARGETED_DEVICE_FAMILY = "1,2";
				TEST_TARGET_NAME = TodayworkoutDone;
			};
			name = Debug;
		};
		F2E74D0F2921F73600BD35F6 /* Release */ = {
			isa = XCBuildConfiguration;
			buildSettings = {
				ALWAYS_EMBED_SWIFT_STANDARD_LIBRARIES = YES;
				CODE_SIGN_STYLE = Automatic;
				CURRENT_PROJECT_VERSION = 1;
				DEVELOPMENT_TEAM = 3YQP9392XF;
				GENERATE_INFOPLIST_FILE = YES;
				IPHONEOS_DEPLOYMENT_TARGET = 16.1;
				MACOSX_DEPLOYMENT_TARGET = 13.0;
				MARKETING_VERSION = 1.0;
				PRODUCT_BUNDLE_IDENTIFIER = com.ocean.TodayworkoutDoneUITests;
				PRODUCT_NAME = "$(TARGET_NAME)";
				SDKROOT = auto;
				SUPPORTED_PLATFORMS = "iphoneos iphonesimulator macosx";
				SWIFT_EMIT_LOC_STRINGS = NO;
				SWIFT_VERSION = 5.0;
				TARGETED_DEVICE_FAMILY = "1,2";
				TEST_TARGET_NAME = TodayworkoutDone;
			};
			name = Release;
		};
/* End XCBuildConfiguration section */

/* Begin XCConfigurationList section */
		F2E74CDD2921F73500BD35F6 /* Build configuration list for PBXProject "TodayworkoutDone" */ = {
			isa = XCConfigurationList;
			buildConfigurations = (
				F2E74D052921F73600BD35F6 /* Debug */,
				F2E74D062921F73600BD35F6 /* Release */,
			);
			defaultConfigurationIsVisible = 0;
			defaultConfigurationName = Release;
		};
		F2E74D072921F73600BD35F6 /* Build configuration list for PBXNativeTarget "TodayworkoutDone" */ = {
			isa = XCConfigurationList;
			buildConfigurations = (
				F2E74D082921F73600BD35F6 /* Debug */,
				F2E74D092921F73600BD35F6 /* Release */,
			);
			defaultConfigurationIsVisible = 0;
			defaultConfigurationName = Release;
		};
		F2E74D0A2921F73600BD35F6 /* Build configuration list for PBXNativeTarget "TodayworkoutDoneTests" */ = {
			isa = XCConfigurationList;
			buildConfigurations = (
				F2E74D0B2921F73600BD35F6 /* Debug */,
				F2E74D0C2921F73600BD35F6 /* Release */,
			);
			defaultConfigurationIsVisible = 0;
			defaultConfigurationName = Release;
		};
		F2E74D0D2921F73600BD35F6 /* Build configuration list for PBXNativeTarget "TodayworkoutDoneUITests" */ = {
			isa = XCConfigurationList;
			buildConfigurations = (
				F2E74D0E2921F73600BD35F6 /* Debug */,
				F2E74D0F2921F73600BD35F6 /* Release */,
			);
			defaultConfigurationIsVisible = 0;
			defaultConfigurationName = Release;
		};
/* End XCConfigurationList section */
	};
	rootObject = F2E74CDA2921F73500BD35F6 /* Project object */;
}
