// !$*UTF8*$!
{
	archiveVersion = 1;
	classes = {
	};
	objectVersion = 56;
	objects = {

/* Begin PBXBuildFile section */
		8E2A89062C96E332009C9032 /* WorkoutRoutineDatabase.swift in Sources */ = {isa = PBXBuildFile; fileRef = 8E2A89052C96E332009C9032 /* WorkoutRoutineDatabase.swift */; };
		8E2A89082C96E78E009C9032 /* CategoryDatabase.swift in Sources */ = {isa = PBXBuildFile; fileRef = 8E2A89072C96E78E009C9032 /* CategoryDatabase.swift */; };
		8E4066A729B33CEC004BB7A2 /* workouts.json in Resources */ = {isa = PBXBuildFile; fileRef = 8E4066A629B33CEC004BB7A2 /* workouts.json */; };
		8E52790B29C7134D000DCD7F /* ExcerciseStartView.swift in Sources */ = {isa = PBXBuildFile; fileRef = 8E52790A29C7134D000DCD7F /* ExcerciseStartView.swift */; };
		8E8767EE2BB55C9E00B74F98 /* MainContentDetailView.swift in Sources */ = {isa = PBXBuildFile; fileRef = 8E8767ED2BB55C9E00B74F98 /* MainContentDetailView.swift */; };
		8EC0B0E329CC4E7600C3278C /* Workout.swift in Sources */ = {isa = PBXBuildFile; fileRef = 8E4066AB29B33D71004BB7A2 /* Workout.swift */; };
		8EC563652A6D206600A8DCD5 /* MockedData.swift in Sources */ = {isa = PBXBuildFile; fileRef = 8EC563642A6D206600A8DCD5 /* MockedData.swift */; };
		8EC772592C959FE100C35CE7 /* WorkoutDatabase.swift in Sources */ = {isa = PBXBuildFile; fileRef = 8EC772582C959FE100C35CE7 /* WorkoutDatabase.swift */; };
		8EC7725B2C95A4F600C35CE7 /* MyRoutineDatabase.swift in Sources */ = {isa = PBXBuildFile; fileRef = 8EC7725A2C95A4F600C35CE7 /* MyRoutineDatabase.swift */; };
		8ED37AF32AC87E0700B4F206 /* MyRoutine.swift in Sources */ = {isa = PBXBuildFile; fileRef = 8ED37AF22AC87E0700B4F206 /* MyRoutine.swift */; };
		8ED37AF52AC87E2200B4F206 /* Sets.swift in Sources */ = {isa = PBXBuildFile; fileRef = 8ED37AF42AC87E2200B4F206 /* Sets.swift */; };
		8EECCF442A14FF7600BD99DB /* MakeWorkoutView.swift in Sources */ = {isa = PBXBuildFile; fileRef = 8EECCF432A14FF7600BD99DB /* MakeWorkoutView.swift */; };
		F2007DA72A8A8AC300833AF0 /* HealthKitInteractor.swift in Sources */ = {isa = PBXBuildFile; fileRef = F2007DA62A8A8AC300833AF0 /* HealthKitInteractor.swift */; };
		F2007DAA2A8AA27E00833AF0 /* HealthKit+Combine.swift in Sources */ = {isa = PBXBuildFile; fileRef = F2007DA92A8AA27E00833AF0 /* HealthKit+Combine.swift */; };
		F201082A2B6FE03100265F17 /* MainContentEnergyBurn.swift in Sources */ = {isa = PBXBuildFile; fileRef = F20108292B6FE03100265F17 /* MainContentEnergyBurn.swift */; };
		F2102C34292BB06D00417789 /* MainContentStepView.swift in Sources */ = {isa = PBXBuildFile; fileRef = F2102C31292BB06D00417789 /* MainContentStepView.swift */; };
		F2102C35292BB06D00417789 /* MainContentSubView.swift in Sources */ = {isa = PBXBuildFile; fileRef = F2102C32292BB06D00417789 /* MainContentSubView.swift */; };
		F2102C36292BB06D00417789 /* MainContentWorkoutView.swift in Sources */ = {isa = PBXBuildFile; fileRef = F2102C33292BB06D00417789 /* MainContentWorkoutView.swift */; };
		F222FFEC2A645B70002FCCDA /* CoreDataStack.swift in Sources */ = {isa = PBXBuildFile; fileRef = F222FFEB2A645B70002FCCDA /* CoreDataStack.swift */; };
		F23264A229DC6A58008649FE /* Category.swift in Sources */ = {isa = PBXBuildFile; fileRef = F23264A129DC6A58008649FE /* Category.swift */; };
		F2335417295B4BF9006E12CB /* WorkingOutView.swift in Sources */ = {isa = PBXBuildFile; fileRef = F2335416295B4BF9006E12CB /* WorkingOutView.swift */; };
		F239B431295761AD00781EF2 /* WorkoutView.swift in Sources */ = {isa = PBXBuildFile; fileRef = F239B430295761AD00781EF2 /* WorkoutView.swift */; };
		F23F4E962957FB250084392B /* MyWorkoutView.swift in Sources */ = {isa = PBXBuildFile; fileRef = F23F4E952957FB240084392B /* MyWorkoutView.swift */; };
		F23F4E9A295815140084392B /* MyWorkoutSubview.swift in Sources */ = {isa = PBXBuildFile; fileRef = F23F4E99295815140084392B /* MyWorkoutSubview.swift */; };
		F23F4E9E295826F30084392B /* WorkoutCategoryView.swift in Sources */ = {isa = PBXBuildFile; fileRef = F23F4E9D295826F30084392B /* WorkoutCategoryView.swift */; };
		F23F4EA02958271B0084392B /* WorkoutCategorySubview.swift in Sources */ = {isa = PBXBuildFile; fileRef = F23F4E9F2958271B0084392B /* WorkoutCategorySubview.swift */; };
		F264949A2A6C066700B0A31C /* NetworkingHelpers.swift in Sources */ = {isa = PBXBuildFile; fileRef = F26494992A6C066700B0A31C /* NetworkingHelpers.swift */; };
		F264949C2A6C11E000B0A31C /* ActivityIndicatorView.swift in Sources */ = {isa = PBXBuildFile; fileRef = F264949B2A6C11E000B0A31C /* ActivityIndicatorView.swift */; };
		F264AC5C29D21F3A0003E70D /* category.json in Resources */ = {isa = PBXBuildFile; fileRef = F264AC5B29D21F3A0003E70D /* category.json */; };
		F26808A92A9CE0140016E8E9 /* CalendarView.swift in Sources */ = {isa = PBXBuildFile; fileRef = F26808A82A9CE0140016E8E9 /* CalendarView.swift */; };
		F2709CC22C3D866A00302DB0 /* ComposableArchitecture in Frameworks */ = {isa = PBXBuildFile; productRef = F2709CC12C3D866A00302DB0 /* ComposableArchitecture */; };
		F273486B2AAB037600C04347 /* CalendarViewCell.swift in Sources */ = {isa = PBXBuildFile; fileRef = F273486A2AAB037600C04347 /* CalendarViewCell.swift */; };
		F276E2952A6C48B50046EBA4 /* ErrorView.swift in Sources */ = {isa = PBXBuildFile; fileRef = F276E2942A6C48B50046EBA4 /* ErrorView.swift */; };
		F27AD1882A2BA409002C44DD /* SystemEventsHandler.swift in Sources */ = {isa = PBXBuildFile; fileRef = F27AD1872A2BA409002C44DD /* SystemEventsHandler.swift */; };
		F27FB6302AD99BE900707379 /* Sequence+Extension.swift in Sources */ = {isa = PBXBuildFile; fileRef = F27FB62F2AD99BE900707379 /* Sequence+Extension.swift */; };
		F285400A2ACD961A00CF2BBC /* CalendarDetailSubView.swift in Sources */ = {isa = PBXBuildFile; fileRef = F28540092ACD961A00CF2BBC /* CalendarDetailSubView.swift */; };
		F286ACA62AB7250D00D74F75 /* CalendarDetailView.swift in Sources */ = {isa = PBXBuildFile; fileRef = F286ACA52AB7250D00D74F75 /* CalendarDetailView.swift */; };
		F2903B002AD81FDF008B1916 /* Integer+Extension.swift in Sources */ = {isa = PBXBuildFile; fileRef = F2903AFF2AD81FDF008B1916 /* Integer+Extension.swift */; };
		F29285332A17CEE000C3A055 /* CustomTabBar.swift in Sources */ = {isa = PBXBuildFile; fileRef = F29285322A17CEE000C3A055 /* CustomTabBar.swift */; };
		F29285352A17D25400C3A055 /* HomeView.swift in Sources */ = {isa = PBXBuildFile; fileRef = F29285342A17D25400C3A055 /* HomeView.swift */; };
		F292A3A72BB3318900B8EDCD /* WorkoutsType.swift in Sources */ = {isa = PBXBuildFile; fileRef = F292A3A62BB3318900B8EDCD /* WorkoutsType.swift */; };
		F296FD722AB5EDF000BCF890 /* CalendarViewComponent.swift in Sources */ = {isa = PBXBuildFile; fileRef = F296FD712AB5EDF000BCF890 /* CalendarViewComponent.swift */; };
		F2AEA40F2A66E31E0023871D /* Routine.swift in Sources */ = {isa = PBXBuildFile; fileRef = 8E52790829C7099B000DCD7F /* Routine.swift */; };
		F2C474E62A9006C200291AE4 /* Date+Extension.swift in Sources */ = {isa = PBXBuildFile; fileRef = F2C474E52A9006C200291AE4 /* Date+Extension.swift */; };
		F2C63E202959F3C700D02F76 /* WorkoutListView.swift in Sources */ = {isa = PBXBuildFile; fileRef = F2C63E1F2959F3C700D02F76 /* WorkoutListView.swift */; };
		F2C63E222959F3D200D02F76 /* WorkoutListSubview.swift in Sources */ = {isa = PBXBuildFile; fileRef = F2C63E212959F3D200D02F76 /* WorkoutListSubview.swift */; };
		F2CB39F1295DE20400CA80D6 /* SlideOverCardView.swift in Sources */ = {isa = PBXBuildFile; fileRef = F2CB39F0295DE20400CA80D6 /* SlideOverCardView.swift */; };
		F2CB39F3295DE25900CA80D6 /* DragState.swift in Sources */ = {isa = PBXBuildFile; fileRef = F2CB39F2295DE25900CA80D6 /* DragState.swift */; };
		F2CB39F5295DE48B00CA80D6 /* ColorAsset.xcassets in Resources */ = {isa = PBXBuildFile; fileRef = F2CB39F4295DE48B00CA80D6 /* ColorAsset.xcassets */; };
		F2DAA76829E59DB70039CF07 /* WorkingOutFooter.swift in Sources */ = {isa = PBXBuildFile; fileRef = F2DAA76729E59DB60039CF07 /* WorkingOutFooter.swift */; };
		F2E2214A29994BB500B7DCCB /* WorkingOutSection.swift in Sources */ = {isa = PBXBuildFile; fileRef = F2E2214929994BB500B7DCCB /* WorkingOutSection.swift */; };
		F2E2214C29994C3B00B7DCCB /* WorkingOutRow.swift in Sources */ = {isa = PBXBuildFile; fileRef = F2E2214B29994C3B00B7DCCB /* WorkingOutRow.swift */; };
		F2E2214E29994C7000B7DCCB /* WorkingOutHeader.swift in Sources */ = {isa = PBXBuildFile; fileRef = F2E2214D29994C7000B7DCCB /* WorkingOutHeader.swift */; };
		F2E221502999555F00B7DCCB /* CheckboxToggleStyle.swift in Sources */ = {isa = PBXBuildFile; fileRef = F2E2214F2999555F00B7DCCB /* CheckboxToggleStyle.swift */; };
		F2E74CE62921F73500BD35F6 /* TodayworkoutDoneApp.swift in Sources */ = {isa = PBXBuildFile; fileRef = F2E74CE52921F73500BD35F6 /* TodayworkoutDoneApp.swift */; };
		F2E74CE82921F73500BD35F6 /* ContentView.swift in Sources */ = {isa = PBXBuildFile; fileRef = F2E74CE72921F73500BD35F6 /* ContentView.swift */; };
		F2E74CEA2921F73600BD35F6 /* Assets.xcassets in Resources */ = {isa = PBXBuildFile; fileRef = F2E74CE92921F73600BD35F6 /* Assets.xcassets */; };
		F2E74CEE2921F73600BD35F6 /* Preview Assets.xcassets in Resources */ = {isa = PBXBuildFile; fileRef = F2E74CED2921F73600BD35F6 /* Preview Assets.xcassets */; };
		F2E74CF82921F73600BD35F6 /* TodayworkoutDoneTests.swift in Sources */ = {isa = PBXBuildFile; fileRef = F2E74CF72921F73600BD35F6 /* TodayworkoutDoneTests.swift */; };
		F2E74D022921F73600BD35F6 /* TodayworkoutDoneUITests.swift in Sources */ = {isa = PBXBuildFile; fileRef = F2E74D012921F73600BD35F6 /* TodayworkoutDoneUITests.swift */; };
		F2E74D042921F73600BD35F6 /* TodayworkoutDoneUITestsLaunchTests.swift in Sources */ = {isa = PBXBuildFile; fileRef = F2E74D032921F73600BD35F6 /* TodayworkoutDoneUITestsLaunchTests.swift */; };
		F2E74D222922219000BD35F6 /* MainWelcomeView.swift in Sources */ = {isa = PBXBuildFile; fileRef = F2E74D1D2922219000BD35F6 /* MainWelcomeView.swift */; };
		F2E74D242922219000BD35F6 /* MainView.swift in Sources */ = {isa = PBXBuildFile; fileRef = F2E74D1F2922219000BD35F6 /* MainView.swift */; };
		F2E74D252922219000BD35F6 /* WeeklyChartView.swift in Sources */ = {isa = PBXBuildFile; fileRef = F2E74D202922219000BD35F6 /* WeeklyChartView.swift */; };
		F2E74D262922219000BD35F6 /* MainContentView.swift in Sources */ = {isa = PBXBuildFile; fileRef = F2E74D212922219000BD35F6 /* MainContentView.swift */; };
		F2E74D29292221D500BD35F6 /* Color+SwiftUI.swift in Sources */ = {isa = PBXBuildFile; fileRef = F2E74D28292221D500BD35F6 /* Color+SwiftUI.swift */; };
/* End PBXBuildFile section */

/* Begin PBXContainerItemProxy section */
		F2E74CF42921F73600BD35F6 /* PBXContainerItemProxy */ = {
			isa = PBXContainerItemProxy;
			containerPortal = F2E74CDA2921F73500BD35F6 /* Project object */;
			proxyType = 1;
			remoteGlobalIDString = F2E74CE12921F73500BD35F6;
			remoteInfo = TodayworkoutDone;
		};
		F2E74CFE2921F73600BD35F6 /* PBXContainerItemProxy */ = {
			isa = PBXContainerItemProxy;
			containerPortal = F2E74CDA2921F73500BD35F6 /* Project object */;
			proxyType = 1;
			remoteGlobalIDString = F2E74CE12921F73500BD35F6;
			remoteInfo = TodayworkoutDone;
		};
/* End PBXContainerItemProxy section */

/* Begin PBXFileReference section */
		8E2A89052C96E332009C9032 /* WorkoutRoutineDatabase.swift */ = {isa = PBXFileReference; lastKnownFileType = sourcecode.swift; path = WorkoutRoutineDatabase.swift; sourceTree = "<group>"; };
		8E2A89072C96E78E009C9032 /* CategoryDatabase.swift */ = {isa = PBXFileReference; lastKnownFileType = sourcecode.swift; path = CategoryDatabase.swift; sourceTree = "<group>"; };
		8E4066A629B33CEC004BB7A2 /* workouts.json */ = {isa = PBXFileReference; lastKnownFileType = text.json; path = workouts.json; sourceTree = "<group>"; };
		8E4066AB29B33D71004BB7A2 /* Workout.swift */ = {isa = PBXFileReference; lastKnownFileType = sourcecode.swift; path = Workout.swift; sourceTree = "<group>"; };
		8E52790829C7099B000DCD7F /* Routine.swift */ = {isa = PBXFileReference; lastKnownFileType = sourcecode.swift; path = Routine.swift; sourceTree = "<group>"; };
		8E52790A29C7134D000DCD7F /* ExcerciseStartView.swift */ = {isa = PBXFileReference; lastKnownFileType = sourcecode.swift; path = ExcerciseStartView.swift; sourceTree = "<group>"; };
		8E8767ED2BB55C9E00B74F98 /* MainContentDetailView.swift */ = {isa = PBXFileReference; lastKnownFileType = sourcecode.swift; path = MainContentDetailView.swift; sourceTree = "<group>"; };
		8EC563642A6D206600A8DCD5 /* MockedData.swift */ = {isa = PBXFileReference; lastKnownFileType = sourcecode.swift; path = MockedData.swift; sourceTree = "<group>"; };
		8EC772582C959FE100C35CE7 /* WorkoutDatabase.swift */ = {isa = PBXFileReference; lastKnownFileType = sourcecode.swift; path = WorkoutDatabase.swift; sourceTree = "<group>"; };
		8EC7725A2C95A4F600C35CE7 /* MyRoutineDatabase.swift */ = {isa = PBXFileReference; lastKnownFileType = sourcecode.swift; path = MyRoutineDatabase.swift; sourceTree = "<group>"; };
		8ED37AF22AC87E0700B4F206 /* MyRoutine.swift */ = {isa = PBXFileReference; lastKnownFileType = sourcecode.swift; path = MyRoutine.swift; sourceTree = "<group>"; };
		8ED37AF42AC87E2200B4F206 /* Sets.swift */ = {isa = PBXFileReference; lastKnownFileType = sourcecode.swift; path = Sets.swift; sourceTree = "<group>"; };
		8EECCF432A14FF7600BD99DB /* MakeWorkoutView.swift */ = {isa = PBXFileReference; lastKnownFileType = sourcecode.swift; path = MakeWorkoutView.swift; sourceTree = "<group>"; };
		F2007DA62A8A8AC300833AF0 /* HealthKitInteractor.swift */ = {isa = PBXFileReference; lastKnownFileType = sourcecode.swift; path = HealthKitInteractor.swift; sourceTree = "<group>"; };
		F2007DA92A8AA27E00833AF0 /* HealthKit+Combine.swift */ = {isa = PBXFileReference; lastKnownFileType = sourcecode.swift; path = "HealthKit+Combine.swift"; sourceTree = "<group>"; };
		F20108292B6FE03100265F17 /* MainContentEnergyBurn.swift */ = {isa = PBXFileReference; lastKnownFileType = sourcecode.swift; path = MainContentEnergyBurn.swift; sourceTree = "<group>"; };
		F2102C31292BB06D00417789 /* MainContentStepView.swift */ = {isa = PBXFileReference; fileEncoding = 4; lastKnownFileType = sourcecode.swift; path = MainContentStepView.swift; sourceTree = "<group>"; };
		F2102C32292BB06D00417789 /* MainContentSubView.swift */ = {isa = PBXFileReference; fileEncoding = 4; lastKnownFileType = sourcecode.swift; path = MainContentSubView.swift; sourceTree = "<group>"; };
		F2102C33292BB06D00417789 /* MainContentWorkoutView.swift */ = {isa = PBXFileReference; fileEncoding = 4; lastKnownFileType = sourcecode.swift; path = MainContentWorkoutView.swift; sourceTree = "<group>"; };
		F222FFEB2A645B70002FCCDA /* CoreDataStack.swift */ = {isa = PBXFileReference; lastKnownFileType = sourcecode.swift; path = CoreDataStack.swift; sourceTree = "<group>"; };
		F23264A129DC6A58008649FE /* Category.swift */ = {isa = PBXFileReference; lastKnownFileType = sourcecode.swift; path = Category.swift; sourceTree = "<group>"; };
		F2335416295B4BF9006E12CB /* WorkingOutView.swift */ = {isa = PBXFileReference; lastKnownFileType = sourcecode.swift; path = WorkingOutView.swift; sourceTree = "<group>"; };
		F239B430295761AD00781EF2 /* WorkoutView.swift */ = {isa = PBXFileReference; lastKnownFileType = sourcecode.swift; path = WorkoutView.swift; sourceTree = "<group>"; };
		F23F4E952957FB240084392B /* MyWorkoutView.swift */ = {isa = PBXFileReference; lastKnownFileType = sourcecode.swift; path = MyWorkoutView.swift; sourceTree = "<group>"; };
		F23F4E99295815140084392B /* MyWorkoutSubview.swift */ = {isa = PBXFileReference; lastKnownFileType = sourcecode.swift; path = MyWorkoutSubview.swift; sourceTree = "<group>"; };
		F23F4E9D295826F30084392B /* WorkoutCategoryView.swift */ = {isa = PBXFileReference; lastKnownFileType = sourcecode.swift; path = WorkoutCategoryView.swift; sourceTree = "<group>"; };
		F23F4E9F2958271B0084392B /* WorkoutCategorySubview.swift */ = {isa = PBXFileReference; lastKnownFileType = sourcecode.swift; path = WorkoutCategorySubview.swift; sourceTree = "<group>"; };
		F26494992A6C066700B0A31C /* NetworkingHelpers.swift */ = {isa = PBXFileReference; lastKnownFileType = sourcecode.swift; path = NetworkingHelpers.swift; sourceTree = "<group>"; };
		F264949B2A6C11E000B0A31C /* ActivityIndicatorView.swift */ = {isa = PBXFileReference; lastKnownFileType = sourcecode.swift; path = ActivityIndicatorView.swift; sourceTree = "<group>"; };
		F264AC5B29D21F3A0003E70D /* category.json */ = {isa = PBXFileReference; lastKnownFileType = text.json; path = category.json; sourceTree = "<group>"; };
		F26808A82A9CE0140016E8E9 /* CalendarView.swift */ = {isa = PBXFileReference; lastKnownFileType = sourcecode.swift; path = CalendarView.swift; sourceTree = "<group>"; };
		F273486A2AAB037600C04347 /* CalendarViewCell.swift */ = {isa = PBXFileReference; lastKnownFileType = sourcecode.swift; path = CalendarViewCell.swift; sourceTree = "<group>"; };
		F276E2942A6C48B50046EBA4 /* ErrorView.swift */ = {isa = PBXFileReference; lastKnownFileType = sourcecode.swift; path = ErrorView.swift; sourceTree = "<group>"; };
		F27AD1872A2BA409002C44DD /* SystemEventsHandler.swift */ = {isa = PBXFileReference; lastKnownFileType = sourcecode.swift; path = SystemEventsHandler.swift; sourceTree = "<group>"; };
		F27FB62F2AD99BE900707379 /* Sequence+Extension.swift */ = {isa = PBXFileReference; lastKnownFileType = sourcecode.swift; path = "Sequence+Extension.swift"; sourceTree = "<group>"; };
		F28540092ACD961A00CF2BBC /* CalendarDetailSubView.swift */ = {isa = PBXFileReference; lastKnownFileType = sourcecode.swift; path = CalendarDetailSubView.swift; sourceTree = "<group>"; };
		F286ACA52AB7250D00D74F75 /* CalendarDetailView.swift */ = {isa = PBXFileReference; lastKnownFileType = sourcecode.swift; path = CalendarDetailView.swift; sourceTree = "<group>"; };
		F2903AFF2AD81FDF008B1916 /* Integer+Extension.swift */ = {isa = PBXFileReference; lastKnownFileType = sourcecode.swift; path = "Integer+Extension.swift"; sourceTree = "<group>"; };
		F29285322A17CEE000C3A055 /* CustomTabBar.swift */ = {isa = PBXFileReference; lastKnownFileType = sourcecode.swift; path = CustomTabBar.swift; sourceTree = "<group>"; };
		F29285342A17D25400C3A055 /* HomeView.swift */ = {isa = PBXFileReference; lastKnownFileType = sourcecode.swift; path = HomeView.swift; sourceTree = "<group>"; };
		F292A3A62BB3318900B8EDCD /* WorkoutsType.swift */ = {isa = PBXFileReference; lastKnownFileType = sourcecode.swift; path = WorkoutsType.swift; sourceTree = "<group>"; };
		F296FD712AB5EDF000BCF890 /* CalendarViewComponent.swift */ = {isa = PBXFileReference; lastKnownFileType = sourcecode.swift; path = CalendarViewComponent.swift; sourceTree = "<group>"; };
		F2C474E52A9006C200291AE4 /* Date+Extension.swift */ = {isa = PBXFileReference; lastKnownFileType = sourcecode.swift; path = "Date+Extension.swift"; sourceTree = "<group>"; };
		F2C63E1F2959F3C700D02F76 /* WorkoutListView.swift */ = {isa = PBXFileReference; lastKnownFileType = sourcecode.swift; path = WorkoutListView.swift; sourceTree = "<group>"; };
		F2C63E212959F3D200D02F76 /* WorkoutListSubview.swift */ = {isa = PBXFileReference; lastKnownFileType = sourcecode.swift; path = WorkoutListSubview.swift; sourceTree = "<group>"; };
		F2CB39F0295DE20400CA80D6 /* SlideOverCardView.swift */ = {isa = PBXFileReference; lastKnownFileType = sourcecode.swift; path = SlideOverCardView.swift; sourceTree = "<group>"; };
		F2CB39F2295DE25900CA80D6 /* DragState.swift */ = {isa = PBXFileReference; lastKnownFileType = sourcecode.swift; path = DragState.swift; sourceTree = "<group>"; };
		F2CB39F4295DE48B00CA80D6 /* ColorAsset.xcassets */ = {isa = PBXFileReference; lastKnownFileType = folder.assetcatalog; path = ColorAsset.xcassets; sourceTree = "<group>"; };
		F2DAA76729E59DB60039CF07 /* WorkingOutFooter.swift */ = {isa = PBXFileReference; lastKnownFileType = sourcecode.swift; path = WorkingOutFooter.swift; sourceTree = "<group>"; };
		F2DAFEF02A5C670A004BECE0 /* DataInteractor.swift */ = {isa = PBXFileReference; lastKnownFileType = sourcecode.swift; path = DataInteractor.swift; sourceTree = "<group>"; };
		F2E2214929994BB500B7DCCB /* WorkingOutSection.swift */ = {isa = PBXFileReference; lastKnownFileType = sourcecode.swift; path = WorkingOutSection.swift; sourceTree = "<group>"; };
		F2E2214B29994C3B00B7DCCB /* WorkingOutRow.swift */ = {isa = PBXFileReference; lastKnownFileType = sourcecode.swift; path = WorkingOutRow.swift; sourceTree = "<group>"; };
		F2E2214D29994C7000B7DCCB /* WorkingOutHeader.swift */ = {isa = PBXFileReference; lastKnownFileType = sourcecode.swift; path = WorkingOutHeader.swift; sourceTree = "<group>"; };
		F2E2214F2999555F00B7DCCB /* CheckboxToggleStyle.swift */ = {isa = PBXFileReference; lastKnownFileType = sourcecode.swift; path = CheckboxToggleStyle.swift; sourceTree = "<group>"; };
		F2E74CE22921F73500BD35F6 /* TodayworkoutDone.app */ = {isa = PBXFileReference; explicitFileType = wrapper.application; includeInIndex = 0; path = TodayworkoutDone.app; sourceTree = BUILT_PRODUCTS_DIR; };
		F2E74CE52921F73500BD35F6 /* TodayworkoutDoneApp.swift */ = {isa = PBXFileReference; lastKnownFileType = sourcecode.swift; path = TodayworkoutDoneApp.swift; sourceTree = "<group>"; };
		F2E74CE72921F73500BD35F6 /* ContentView.swift */ = {isa = PBXFileReference; lastKnownFileType = sourcecode.swift; path = ContentView.swift; sourceTree = "<group>"; };
		F2E74CE92921F73600BD35F6 /* Assets.xcassets */ = {isa = PBXFileReference; lastKnownFileType = folder.assetcatalog; path = Assets.xcassets; sourceTree = "<group>"; };
		F2E74CEB2921F73600BD35F6 /* TodayworkoutDone.entitlements */ = {isa = PBXFileReference; lastKnownFileType = text.plist.entitlements; path = TodayworkoutDone.entitlements; sourceTree = "<group>"; };
		F2E74CED2921F73600BD35F6 /* Preview Assets.xcassets */ = {isa = PBXFileReference; lastKnownFileType = folder.assetcatalog; path = "Preview Assets.xcassets"; sourceTree = "<group>"; };
		F2E74CF32921F73600BD35F6 /* TodayworkoutDoneTests.xctest */ = {isa = PBXFileReference; explicitFileType = wrapper.cfbundle; includeInIndex = 0; path = TodayworkoutDoneTests.xctest; sourceTree = BUILT_PRODUCTS_DIR; };
		F2E74CF72921F73600BD35F6 /* TodayworkoutDoneTests.swift */ = {isa = PBXFileReference; lastKnownFileType = sourcecode.swift; path = TodayworkoutDoneTests.swift; sourceTree = "<group>"; };
		F2E74CFD2921F73600BD35F6 /* TodayworkoutDoneUITests.xctest */ = {isa = PBXFileReference; explicitFileType = wrapper.cfbundle; includeInIndex = 0; path = TodayworkoutDoneUITests.xctest; sourceTree = BUILT_PRODUCTS_DIR; };
		F2E74D012921F73600BD35F6 /* TodayworkoutDoneUITests.swift */ = {isa = PBXFileReference; lastKnownFileType = sourcecode.swift; path = TodayworkoutDoneUITests.swift; sourceTree = "<group>"; };
		F2E74D032921F73600BD35F6 /* TodayworkoutDoneUITestsLaunchTests.swift */ = {isa = PBXFileReference; lastKnownFileType = sourcecode.swift; path = TodayworkoutDoneUITestsLaunchTests.swift; sourceTree = "<group>"; };
		F2E74D1D2922219000BD35F6 /* MainWelcomeView.swift */ = {isa = PBXFileReference; fileEncoding = 4; lastKnownFileType = sourcecode.swift; path = MainWelcomeView.swift; sourceTree = "<group>"; };
		F2E74D1F2922219000BD35F6 /* MainView.swift */ = {isa = PBXFileReference; fileEncoding = 4; lastKnownFileType = sourcecode.swift; path = MainView.swift; sourceTree = "<group>"; };
		F2E74D202922219000BD35F6 /* WeeklyChartView.swift */ = {isa = PBXFileReference; fileEncoding = 4; lastKnownFileType = sourcecode.swift; path = WeeklyChartView.swift; sourceTree = "<group>"; };
		F2E74D212922219000BD35F6 /* MainContentView.swift */ = {isa = PBXFileReference; fileEncoding = 4; lastKnownFileType = sourcecode.swift; path = MainContentView.swift; sourceTree = "<group>"; };
		F2E74D28292221D500BD35F6 /* Color+SwiftUI.swift */ = {isa = PBXFileReference; fileEncoding = 4; lastKnownFileType = sourcecode.swift; path = "Color+SwiftUI.swift"; sourceTree = "<group>"; };
/* End PBXFileReference section */

/* Begin PBXFrameworksBuildPhase section */
		F2E74CDF2921F73500BD35F6 /* Frameworks */ = {
			isa = PBXFrameworksBuildPhase;
			buildActionMask = 2147483647;
			files = (
				F2709CC22C3D866A00302DB0 /* ComposableArchitecture in Frameworks */,
			);
			runOnlyForDeploymentPostprocessing = 0;
		};
		F2E74CF02921F73600BD35F6 /* Frameworks */ = {
			isa = PBXFrameworksBuildPhase;
			buildActionMask = 2147483647;
			files = (
			);
			runOnlyForDeploymentPostprocessing = 0;
		};
		F2E74CFA2921F73600BD35F6 /* Frameworks */ = {
			isa = PBXFrameworksBuildPhase;
			buildActionMask = 2147483647;
			files = (
			);
			runOnlyForDeploymentPostprocessing = 0;
		};
/* End PBXFrameworksBuildPhase section */

/* Begin PBXGroup section */
		8E4066A529B33C90004BB7A2 /* Resources */ = {
			isa = PBXGroup;
			children = (
				F2E74CE92921F73600BD35F6 /* Assets.xcassets */,
				F2E74CEB2921F73600BD35F6 /* TodayworkoutDone.entitlements */,
				F2CB39F4295DE48B00CA80D6 /* ColorAsset.xcassets */,
				8E4066A629B33CEC004BB7A2 /* workouts.json */,
				F264AC5B29D21F3A0003E70D /* category.json */,
			);
			path = Resources;
			sourceTree = "<group>";
		};
		8E4066A829B33D02004BB7A2 /* Models */ = {
			isa = PBXGroup;
			children = (
				8E4066AB29B33D71004BB7A2 /* Workout.swift */,
				8E52790829C7099B000DCD7F /* Routine.swift */,
				F23264A129DC6A58008649FE /* Category.swift */,
				8EC563642A6D206600A8DCD5 /* MockedData.swift */,
				8ED37AF22AC87E0700B4F206 /* MyRoutine.swift */,
				8ED37AF42AC87E2200B4F206 /* Sets.swift */,
				F292A3A62BB3318900B8EDCD /* WorkoutsType.swift */,
			);
			path = Models;
			sourceTree = "<group>";
		};
		8E5E8A1C2A24AED3004A4F33 /* UI */ = {
			isa = PBXGroup;
			children = (
				F28FBF302A9BBADC0067DEBC /* Calendar */,
				F2CB39EF295DE1B000CA80D6 /* Components */,
				F23F4E972958002B0084392B /* WorkOut */,
				F2E221462999089300B7DCCB /* WorkingOutView */,
				F2E74D1C2922217500BD35F6 /* Main */,
			);
			path = UI;
			sourceTree = "<group>";
		};
		8E5E8A1D2A24B415004A4F33 /* Utilities */ = {
			isa = PBXGroup;
			children = (
				F2E74D27292221C400BD35F6 /* Extension */,
				F26494992A6C066700B0A31C /* NetworkingHelpers.swift */,
			);
			path = Utilities;
			sourceTree = "<group>";
		};
		8E5E8A202A24B869004A4F33 /* Interactors */ = {
			isa = PBXGroup;
			children = (
				F2DAFEF02A5C670A004BECE0 /* DataInteractor.swift */,
			);
			path = Interactors;
			sourceTree = "<group>";
		};
		F2007DA82A8AA25700833AF0 /* HealthKit */ = {
			isa = PBXGroup;
			children = (
				F2007DA62A8A8AC300833AF0 /* HealthKitInteractor.swift */,
				F2007DA92A8AA27E00833AF0 /* HealthKit+Combine.swift */,
			);
			path = HealthKit;
			sourceTree = "<group>";
		};
		F2102C30292BB05200417789 /* Subviews */ = {
			isa = PBXGroup;
			children = (
				F2102C32292BB06D00417789 /* MainContentSubView.swift */,
				F2102C31292BB06D00417789 /* MainContentStepView.swift */,
				F2102C33292BB06D00417789 /* MainContentWorkoutView.swift */,
				F20108292B6FE03100265F17 /* MainContentEnergyBurn.swift */,
			);
			path = Subviews;
			sourceTree = "<group>";
		};
		F222FFEA2A645B5F002FCCDA /* Persistence */ = {
			isa = PBXGroup;
			children = (
				F222FFEB2A645B70002FCCDA /* CoreDataStack.swift */,
				8EC772582C959FE100C35CE7 /* WorkoutDatabase.swift */,
				8EC7725A2C95A4F600C35CE7 /* MyRoutineDatabase.swift */,
				8E2A89052C96E332009C9032 /* WorkoutRoutineDatabase.swift */,
				8E2A89072C96E78E009C9032 /* CategoryDatabase.swift */,
			);
			path = Persistence;
			sourceTree = "<group>";
		};
		F23F4E972958002B0084392B /* WorkOut */ = {
			isa = PBXGroup;
			children = (
				F23F4E98295814F90084392B /* Subview */,
				F239B430295761AD00781EF2 /* WorkoutView.swift */,
				F23F4E9D295826F30084392B /* WorkoutCategoryView.swift */,
				F23F4E952957FB240084392B /* MyWorkoutView.swift */,
				F2C63E1F2959F3C700D02F76 /* WorkoutListView.swift */,
			);
			path = WorkOut;
			sourceTree = "<group>";
		};
		F23F4E98295814F90084392B /* Subview */ = {
			isa = PBXGroup;
			children = (
				F23F4E99295815140084392B /* MyWorkoutSubview.swift */,
				F23F4E9F2958271B0084392B /* WorkoutCategorySubview.swift */,
				F2C63E212959F3D200D02F76 /* WorkoutListSubview.swift */,
			);
			path = Subview;
			sourceTree = "<group>";
		};
		F250986C2A25151F005390D5 /* System */ = {
			isa = PBXGroup;
			children = (
				F27AD1872A2BA409002C44DD /* SystemEventsHandler.swift */,
			);
			path = System;
			sourceTree = "<group>";
		};
		F28FBF302A9BBADC0067DEBC /* Calendar */ = {
			isa = PBXGroup;
			children = (
				F26808A82A9CE0140016E8E9 /* CalendarView.swift */,
				F273486A2AAB037600C04347 /* CalendarViewCell.swift */,
				F296FD712AB5EDF000BCF890 /* CalendarViewComponent.swift */,
				F286ACA52AB7250D00D74F75 /* CalendarDetailView.swift */,
				F28540092ACD961A00CF2BBC /* CalendarDetailSubView.swift */,
			);
			path = Calendar;
			sourceTree = "<group>";
		};
		F2CB39EF295DE1B000CA80D6 /* Components */ = {
			isa = PBXGroup;
			children = (
				F2CB39F0295DE20400CA80D6 /* SlideOverCardView.swift */,
				F2CB39F2295DE25900CA80D6 /* DragState.swift */,
				F2E2214F2999555F00B7DCCB /* CheckboxToggleStyle.swift */,
				F29285322A17CEE000C3A055 /* CustomTabBar.swift */,
				F264949B2A6C11E000B0A31C /* ActivityIndicatorView.swift */,
				F276E2942A6C48B50046EBA4 /* ErrorView.swift */,
			);
			path = Components;
			sourceTree = "<group>";
		};
		F2E221462999089300B7DCCB /* WorkingOutView */ = {
			isa = PBXGroup;
			children = (
				8EECCF432A14FF7600BD99DB /* MakeWorkoutView.swift */,
				F2335416295B4BF9006E12CB /* WorkingOutView.swift */,
				F2E2214929994BB500B7DCCB /* WorkingOutSection.swift */,
				F2E2214B29994C3B00B7DCCB /* WorkingOutRow.swift */,
				F2E2214D29994C7000B7DCCB /* WorkingOutHeader.swift */,
				F2DAA76729E59DB60039CF07 /* WorkingOutFooter.swift */,
			);
			path = WorkingOutView;
			sourceTree = "<group>";
		};
		F2E74CD92921F73500BD35F6 = {
			isa = PBXGroup;
			children = (
				F2E74CE42921F73500BD35F6 /* TodayworkoutDone */,
				F2E74CF62921F73600BD35F6 /* TodayworkoutDoneTests */,
				F2E74D002921F73600BD35F6 /* TodayworkoutDoneUITests */,
				F2E74CE32921F73500BD35F6 /* Products */,
			);
			sourceTree = "<group>";
		};
		F2E74CE32921F73500BD35F6 /* Products */ = {
			isa = PBXGroup;
			children = (
				F2E74CE22921F73500BD35F6 /* TodayworkoutDone.app */,
				F2E74CF32921F73600BD35F6 /* TodayworkoutDoneTests.xctest */,
				F2E74CFD2921F73600BD35F6 /* TodayworkoutDoneUITests.xctest */,
			);
			name = Products;
			sourceTree = "<group>";
		};
		F2E74CE42921F73500BD35F6 /* TodayworkoutDone */ = {
			isa = PBXGroup;
			children = (
				F2007DA82A8AA25700833AF0 /* HealthKit */,
				F222FFEA2A645B5F002FCCDA /* Persistence */,
				F250986C2A25151F005390D5 /* System */,
				8E5E8A1D2A24B415004A4F33 /* Utilities */,
				8E4066A829B33D02004BB7A2 /* Models */,
				8E5E8A202A24B869004A4F33 /* Interactors */,
				8E5E8A1C2A24AED3004A4F33 /* UI */,
				8E4066A529B33C90004BB7A2 /* Resources */,
				F2E74CE52921F73500BD35F6 /* TodayworkoutDoneApp.swift */,
				F2E74CEC2921F73600BD35F6 /* Preview Content */,
			);
			path = TodayworkoutDone;
			sourceTree = "<group>";
		};
		F2E74CEC2921F73600BD35F6 /* Preview Content */ = {
			isa = PBXGroup;
			children = (
				F2E74CED2921F73600BD35F6 /* Preview Assets.xcassets */,
			);
			path = "Preview Content";
			sourceTree = "<group>";
		};
		F2E74CF62921F73600BD35F6 /* TodayworkoutDoneTests */ = {
			isa = PBXGroup;
			children = (
				F2E74CF72921F73600BD35F6 /* TodayworkoutDoneTests.swift */,
			);
			path = TodayworkoutDoneTests;
			sourceTree = "<group>";
		};
		F2E74D002921F73600BD35F6 /* TodayworkoutDoneUITests */ = {
			isa = PBXGroup;
			children = (
				F2E74D012921F73600BD35F6 /* TodayworkoutDoneUITests.swift */,
				F2E74D032921F73600BD35F6 /* TodayworkoutDoneUITestsLaunchTests.swift */,
			);
			path = TodayworkoutDoneUITests;
			sourceTree = "<group>";
		};
		F2E74D1C2922217500BD35F6 /* Main */ = {
			isa = PBXGroup;
			children = (
				F2102C30292BB05200417789 /* Subviews */,
				F2E74D212922219000BD35F6 /* MainContentView.swift */,
				F29285342A17D25400C3A055 /* HomeView.swift */,
				F2E74CE72921F73500BD35F6 /* ContentView.swift */,
				F2E74D1F2922219000BD35F6 /* MainView.swift */,
				F2E74D1D2922219000BD35F6 /* MainWelcomeView.swift */,
				F2E74D202922219000BD35F6 /* WeeklyChartView.swift */,
				8E52790A29C7134D000DCD7F /* ExcerciseStartView.swift */,
				8E8767ED2BB55C9E00B74F98 /* MainContentDetailView.swift */,
			);
			path = Main;
			sourceTree = "<group>";
		};
		F2E74D27292221C400BD35F6 /* Extension */ = {
			isa = PBXGroup;
			children = (
				F2E74D28292221D500BD35F6 /* Color+SwiftUI.swift */,
				F2C474E52A9006C200291AE4 /* Date+Extension.swift */,
				F2903AFF2AD81FDF008B1916 /* Integer+Extension.swift */,
				F27FB62F2AD99BE900707379 /* Sequence+Extension.swift */,
			);
			path = Extension;
			sourceTree = "<group>";
		};
/* End PBXGroup section */

/* Begin PBXNativeTarget section */
		F2E74CE12921F73500BD35F6 /* TodayworkoutDone */ = {
			isa = PBXNativeTarget;
			buildConfigurationList = F2E74D072921F73600BD35F6 /* Build configuration list for PBXNativeTarget "TodayworkoutDone" */;
			buildPhases = (
				F2E74CDE2921F73500BD35F6 /* Sources */,
				F2E74CDF2921F73500BD35F6 /* Frameworks */,
				F2E74CE02921F73500BD35F6 /* Resources */,
			);
			buildRules = (
			);
			dependencies = (
			);
			name = TodayworkoutDone;
			packageProductDependencies = (
				F2709CC12C3D866A00302DB0 /* ComposableArchitecture */,
			);
			productName = TodayworkoutDone;
			productReference = F2E74CE22921F73500BD35F6 /* TodayworkoutDone.app */;
			productType = "com.apple.product-type.application";
		};
		F2E74CF22921F73600BD35F6 /* TodayworkoutDoneTests */ = {
			isa = PBXNativeTarget;
			buildConfigurationList = F2E74D0A2921F73600BD35F6 /* Build configuration list for PBXNativeTarget "TodayworkoutDoneTests" */;
			buildPhases = (
				F2E74CEF2921F73600BD35F6 /* Sources */,
				F2E74CF02921F73600BD35F6 /* Frameworks */,
				F2E74CF12921F73600BD35F6 /* Resources */,
			);
			buildRules = (
			);
			dependencies = (
				F2E74CF52921F73600BD35F6 /* PBXTargetDependency */,
			);
			name = TodayworkoutDoneTests;
			productName = TodayworkoutDoneTests;
			productReference = F2E74CF32921F73600BD35F6 /* TodayworkoutDoneTests.xctest */;
			productType = "com.apple.product-type.bundle.unit-test";
		};
		F2E74CFC2921F73600BD35F6 /* TodayworkoutDoneUITests */ = {
			isa = PBXNativeTarget;
			buildConfigurationList = F2E74D0D2921F73600BD35F6 /* Build configuration list for PBXNativeTarget "TodayworkoutDoneUITests" */;
			buildPhases = (
				F2E74CF92921F73600BD35F6 /* Sources */,
				F2E74CFA2921F73600BD35F6 /* Frameworks */,
				F2E74CFB2921F73600BD35F6 /* Resources */,
			);
			buildRules = (
			);
			dependencies = (
				F2E74CFF2921F73600BD35F6 /* PBXTargetDependency */,
			);
			name = TodayworkoutDoneUITests;
			productName = TodayworkoutDoneUITests;
			productReference = F2E74CFD2921F73600BD35F6 /* TodayworkoutDoneUITests.xctest */;
			productType = "com.apple.product-type.bundle.ui-testing";
		};
/* End PBXNativeTarget section */

/* Begin PBXProject section */
		F2E74CDA2921F73500BD35F6 /* Project object */ = {
			isa = PBXProject;
			attributes = {
				BuildIndependentTargetsInParallel = 1;
				LastSwiftUpdateCheck = 1410;
				LastUpgradeCheck = 1420;
				TargetAttributes = {
					F2E74CE12921F73500BD35F6 = {
						CreatedOnToolsVersion = 14.1;
					};
					F2E74CF22921F73600BD35F6 = {
						CreatedOnToolsVersion = 14.1;
						TestTargetID = F2E74CE12921F73500BD35F6;
					};
					F2E74CFC2921F73600BD35F6 = {
						CreatedOnToolsVersion = 14.1;
						TestTargetID = F2E74CE12921F73500BD35F6;
					};
				};
			};
			buildConfigurationList = F2E74CDD2921F73500BD35F6 /* Build configuration list for PBXProject "TodayworkoutDone" */;
			compatibilityVersion = "Xcode 14.0";
			developmentRegion = en;
			hasScannedForEncodings = 0;
			knownRegions = (
				en,
				Base,
			);
			mainGroup = F2E74CD92921F73500BD35F6;
			packageReferences = (
				F2709CC02C3D866A00302DB0 /* XCRemoteSwiftPackageReference "swift-composable-architecture" */,
			);
			productRefGroup = F2E74CE32921F73500BD35F6 /* Products */;
			projectDirPath = "";
			projectRoot = "";
			targets = (
				F2E74CE12921F73500BD35F6 /* TodayworkoutDone */,
				F2E74CF22921F73600BD35F6 /* TodayworkoutDoneTests */,
				F2E74CFC2921F73600BD35F6 /* TodayworkoutDoneUITests */,
			);
		};
/* End PBXProject section */

/* Begin PBXResourcesBuildPhase section */
		F2E74CE02921F73500BD35F6 /* Resources */ = {
			isa = PBXResourcesBuildPhase;
			buildActionMask = 2147483647;
			files = (
				F2CB39F5295DE48B00CA80D6 /* ColorAsset.xcassets in Resources */,
				F2E74CEE2921F73600BD35F6 /* Preview Assets.xcassets in Resources */,
				F264AC5C29D21F3A0003E70D /* category.json in Resources */,
				F2E74CEA2921F73600BD35F6 /* Assets.xcassets in Resources */,
				8E4066A729B33CEC004BB7A2 /* workouts.json in Resources */,
			);
			runOnlyForDeploymentPostprocessing = 0;
		};
		F2E74CF12921F73600BD35F6 /* Resources */ = {
			isa = PBXResourcesBuildPhase;
			buildActionMask = 2147483647;
			files = (
			);
			runOnlyForDeploymentPostprocessing = 0;
		};
		F2E74CFB2921F73600BD35F6 /* Resources */ = {
			isa = PBXResourcesBuildPhase;
			buildActionMask = 2147483647;
			files = (
			);
			runOnlyForDeploymentPostprocessing = 0;
		};
/* End PBXResourcesBuildPhase section */

/* Begin PBXSourcesBuildPhase section */
		F2E74CDE2921F73500BD35F6 /* Sources */ = {
			isa = PBXSourcesBuildPhase;
			buildActionMask = 2147483647;
			files = (
				8E2A89082C96E78E009C9032 /* CategoryDatabase.swift in Sources */,
				F2C63E202959F3C700D02F76 /* WorkoutListView.swift in Sources */,
				F2903B002AD81FDF008B1916 /* Integer+Extension.swift in Sources */,
				F23F4E962957FB250084392B /* MyWorkoutView.swift in Sources */,
				8EC7725B2C95A4F600C35CE7 /* MyRoutineDatabase.swift in Sources */,
				F2007DA72A8A8AC300833AF0 /* HealthKitInteractor.swift in Sources */,
				F2E74D252922219000BD35F6 /* WeeklyChartView.swift in Sources */,
				F27AD1882A2BA409002C44DD /* SystemEventsHandler.swift in Sources */,
				F276E2952A6C48B50046EBA4 /* ErrorView.swift in Sources */,
				F26808A92A9CE0140016E8E9 /* CalendarView.swift in Sources */,
				F2E2214E29994C7000B7DCCB /* WorkingOutHeader.swift in Sources */,
				F264949C2A6C11E000B0A31C /* ActivityIndicatorView.swift in Sources */,
				F2CB39F1295DE20400CA80D6 /* SlideOverCardView.swift in Sources */,
				8E8767EE2BB55C9E00B74F98 /* MainContentDetailView.swift in Sources */,
				F29285352A17D25400C3A055 /* HomeView.swift in Sources */,
				F2007DAA2A8AA27E00833AF0 /* HealthKit+Combine.swift in Sources */,
				F286ACA62AB7250D00D74F75 /* CalendarDetailView.swift in Sources */,
				F29285332A17CEE000C3A055 /* CustomTabBar.swift in Sources */,
				8E52790B29C7134D000DCD7F /* ExcerciseStartView.swift in Sources */,
				F2E221502999555F00B7DCCB /* CheckboxToggleStyle.swift in Sources */,
				F2335417295B4BF9006E12CB /* WorkingOutView.swift in Sources */,
				F292A3A72BB3318900B8EDCD /* WorkoutsType.swift in Sources */,
				F23264A229DC6A58008649FE /* Category.swift in Sources */,
				F27FB6302AD99BE900707379 /* Sequence+Extension.swift in Sources */,
				F296FD722AB5EDF000BCF890 /* CalendarViewComponent.swift in Sources */,
				F2AEA40F2A66E31E0023871D /* Routine.swift in Sources */,
				8ED37AF32AC87E0700B4F206 /* MyRoutine.swift in Sources */,
				F2E74D29292221D500BD35F6 /* Color+SwiftUI.swift in Sources */,
				F285400A2ACD961A00CF2BBC /* CalendarDetailSubView.swift in Sources */,
				F222FFEC2A645B70002FCCDA /* CoreDataStack.swift in Sources */,
				F2CB39F3295DE25900CA80D6 /* DragState.swift in Sources */,
				F2102C35292BB06D00417789 /* MainContentSubView.swift in Sources */,
				F2C474E62A9006C200291AE4 /* Date+Extension.swift in Sources */,
				F23F4EA02958271B0084392B /* WorkoutCategorySubview.swift in Sources */,
				F239B431295761AD00781EF2 /* WorkoutView.swift in Sources */,
				8ED37AF52AC87E2200B4F206 /* Sets.swift in Sources */,
				F2E74CE82921F73500BD35F6 /* ContentView.swift in Sources */,
				F23F4E9E295826F30084392B /* WorkoutCategoryView.swift in Sources */,
				F2102C36292BB06D00417789 /* MainContentWorkoutView.swift in Sources */,
				F2DAA76829E59DB70039CF07 /* WorkingOutFooter.swift in Sources */,
				F2E74D242922219000BD35F6 /* MainView.swift in Sources */,
				F23F4E9A295815140084392B /* MyWorkoutSubview.swift in Sources */,
				F2E2214C29994C3B00B7DCCB /* WorkingOutRow.swift in Sources */,
				F2102C34292BB06D00417789 /* MainContentStepView.swift in Sources */,
				F201082A2B6FE03100265F17 /* MainContentEnergyBurn.swift in Sources */,
				F2E74CE62921F73500BD35F6 /* TodayworkoutDoneApp.swift in Sources */,
				F2E2214A29994BB500B7DCCB /* WorkingOutSection.swift in Sources */,
				F2E74D222922219000BD35F6 /* MainWelcomeView.swift in Sources */,
				F2E74D262922219000BD35F6 /* MainContentView.swift in Sources */,
				8EECCF442A14FF7600BD99DB /* MakeWorkoutView.swift in Sources */,
				8EC563652A6D206600A8DCD5 /* MockedData.swift in Sources */,
				F264949A2A6C066700B0A31C /* NetworkingHelpers.swift in Sources */,
				8E2A89062C96E332009C9032 /* WorkoutRoutineDatabase.swift in Sources */,
				F273486B2AAB037600C04347 /* CalendarViewCell.swift in Sources */,
				8EC772592C959FE100C35CE7 /* WorkoutDatabase.swift in Sources */,
				F2C63E222959F3D200D02F76 /* WorkoutListSubview.swift in Sources */,
				8EC0B0E329CC4E7600C3278C /* Workout.swift in Sources */,
			);
			runOnlyForDeploymentPostprocessing = 0;
		};
		F2E74CEF2921F73600BD35F6 /* Sources */ = {
			isa = PBXSourcesBuildPhase;
			buildActionMask = 2147483647;
			files = (
				F2E74CF82921F73600BD35F6 /* TodayworkoutDoneTests.swift in Sources */,
			);
			runOnlyForDeploymentPostprocessing = 0;
		};
		F2E74CF92921F73600BD35F6 /* Sources */ = {
			isa = PBXSourcesBuildPhase;
			buildActionMask = 2147483647;
			files = (
				F2E74D042921F73600BD35F6 /* TodayworkoutDoneUITestsLaunchTests.swift in Sources */,
				F2E74D022921F73600BD35F6 /* TodayworkoutDoneUITests.swift in Sources */,
			);
			runOnlyForDeploymentPostprocessing = 0;
		};
/* End PBXSourcesBuildPhase section */

/* Begin PBXTargetDependency section */
		F2E74CF52921F73600BD35F6 /* PBXTargetDependency */ = {
			isa = PBXTargetDependency;
			target = F2E74CE12921F73500BD35F6 /* TodayworkoutDone */;
			targetProxy = F2E74CF42921F73600BD35F6 /* PBXContainerItemProxy */;
		};
		F2E74CFF2921F73600BD35F6 /* PBXTargetDependency */ = {
			isa = PBXTargetDependency;
			target = F2E74CE12921F73500BD35F6 /* TodayworkoutDone */;
			targetProxy = F2E74CFE2921F73600BD35F6 /* PBXContainerItemProxy */;
		};
/* End PBXTargetDependency section */

/* Begin XCBuildConfiguration section */
		F2E74D052921F73600BD35F6 /* Debug */ = {
			isa = XCBuildConfiguration;
			buildSettings = {
				ALWAYS_SEARCH_USER_PATHS = NO;
				CLANG_ANALYZER_NONNULL = YES;
				CLANG_ANALYZER_NUMBER_OBJECT_CONVERSION = YES_AGGRESSIVE;
				CLANG_CXX_LANGUAGE_STANDARD = "gnu++20";
				CLANG_ENABLE_MODULES = YES;
				CLANG_ENABLE_OBJC_ARC = YES;
				CLANG_ENABLE_OBJC_WEAK = YES;
				CLANG_WARN_BLOCK_CAPTURE_AUTORELEASING = YES;
				CLANG_WARN_BOOL_CONVERSION = YES;
				CLANG_WARN_COMMA = YES;
				CLANG_WARN_CONSTANT_CONVERSION = YES;
				CLANG_WARN_DEPRECATED_OBJC_IMPLEMENTATIONS = YES;
				CLANG_WARN_DIRECT_OBJC_ISA_USAGE = YES_ERROR;
				CLANG_WARN_DOCUMENTATION_COMMENTS = YES;
				CLANG_WARN_EMPTY_BODY = YES;
				CLANG_WARN_ENUM_CONVERSION = YES;
				CLANG_WARN_INFINITE_RECURSION = YES;
				CLANG_WARN_INT_CONVERSION = YES;
				CLANG_WARN_NON_LITERAL_NULL_CONVERSION = YES;
				CLANG_WARN_OBJC_IMPLICIT_RETAIN_SELF = YES;
				CLANG_WARN_OBJC_LITERAL_CONVERSION = YES;
				CLANG_WARN_OBJC_ROOT_CLASS = YES_ERROR;
				CLANG_WARN_QUOTED_INCLUDE_IN_FRAMEWORK_HEADER = YES;
				CLANG_WARN_RANGE_LOOP_ANALYSIS = YES;
				CLANG_WARN_STRICT_PROTOTYPES = YES;
				CLANG_WARN_SUSPICIOUS_MOVE = YES;
				CLANG_WARN_UNGUARDED_AVAILABILITY = YES_AGGRESSIVE;
				CLANG_WARN_UNREACHABLE_CODE = YES;
				CLANG_WARN__DUPLICATE_METHOD_MATCH = YES;
				COPY_PHASE_STRIP = NO;
				DEAD_CODE_STRIPPING = YES;
				DEBUG_INFORMATION_FORMAT = dwarf;
				ENABLE_STRICT_OBJC_MSGSEND = YES;
				ENABLE_TESTABILITY = YES;
				GCC_C_LANGUAGE_STANDARD = gnu11;
				GCC_DYNAMIC_NO_PIC = NO;
				GCC_NO_COMMON_BLOCKS = YES;
				GCC_OPTIMIZATION_LEVEL = 0;
				GCC_PREPROCESSOR_DEFINITIONS = (
					"DEBUG=1",
					"$(inherited)",
				);
				GCC_WARN_64_TO_32_BIT_CONVERSION = YES;
				GCC_WARN_ABOUT_RETURN_TYPE = YES_ERROR;
				GCC_WARN_UNDECLARED_SELECTOR = YES;
				GCC_WARN_UNINITIALIZED_AUTOS = YES_AGGRESSIVE;
				GCC_WARN_UNUSED_FUNCTION = YES;
				GCC_WARN_UNUSED_VARIABLE = YES;
				MTL_ENABLE_DEBUG_INFO = INCLUDE_SOURCE;
				MTL_FAST_MATH = YES;
				ONLY_ACTIVE_ARCH = YES;
				SWIFT_ACTIVE_COMPILATION_CONDITIONS = DEBUG;
				SWIFT_OPTIMIZATION_LEVEL = "-Onone";
			};
			name = Debug;
		};
		F2E74D062921F73600BD35F6 /* Release */ = {
			isa = XCBuildConfiguration;
			buildSettings = {
				ALWAYS_SEARCH_USER_PATHS = NO;
				CLANG_ANALYZER_NONNULL = YES;
				CLANG_ANALYZER_NUMBER_OBJECT_CONVERSION = YES_AGGRESSIVE;
				CLANG_CXX_LANGUAGE_STANDARD = "gnu++20";
				CLANG_ENABLE_MODULES = YES;
				CLANG_ENABLE_OBJC_ARC = YES;
				CLANG_ENABLE_OBJC_WEAK = YES;
				CLANG_WARN_BLOCK_CAPTURE_AUTORELEASING = YES;
				CLANG_WARN_BOOL_CONVERSION = YES;
				CLANG_WARN_COMMA = YES;
				CLANG_WARN_CONSTANT_CONVERSION = YES;
				CLANG_WARN_DEPRECATED_OBJC_IMPLEMENTATIONS = YES;
				CLANG_WARN_DIRECT_OBJC_ISA_USAGE = YES_ERROR;
				CLANG_WARN_DOCUMENTATION_COMMENTS = YES;
				CLANG_WARN_EMPTY_BODY = YES;
				CLANG_WARN_ENUM_CONVERSION = YES;
				CLANG_WARN_INFINITE_RECURSION = YES;
				CLANG_WARN_INT_CONVERSION = YES;
				CLANG_WARN_NON_LITERAL_NULL_CONVERSION = YES;
				CLANG_WARN_OBJC_IMPLICIT_RETAIN_SELF = YES;
				CLANG_WARN_OBJC_LITERAL_CONVERSION = YES;
				CLANG_WARN_OBJC_ROOT_CLASS = YES_ERROR;
				CLANG_WARN_QUOTED_INCLUDE_IN_FRAMEWORK_HEADER = YES;
				CLANG_WARN_RANGE_LOOP_ANALYSIS = YES;
				CLANG_WARN_STRICT_PROTOTYPES = YES;
				CLANG_WARN_SUSPICIOUS_MOVE = YES;
				CLANG_WARN_UNGUARDED_AVAILABILITY = YES_AGGRESSIVE;
				CLANG_WARN_UNREACHABLE_CODE = YES;
				CLANG_WARN__DUPLICATE_METHOD_MATCH = YES;
				COPY_PHASE_STRIP = NO;
				DEAD_CODE_STRIPPING = YES;
				DEBUG_INFORMATION_FORMAT = "dwarf-with-dsym";
				ENABLE_NS_ASSERTIONS = NO;
				ENABLE_STRICT_OBJC_MSGSEND = YES;
				GCC_C_LANGUAGE_STANDARD = gnu11;
				GCC_NO_COMMON_BLOCKS = YES;
				GCC_WARN_64_TO_32_BIT_CONVERSION = YES;
				GCC_WARN_ABOUT_RETURN_TYPE = YES_ERROR;
				GCC_WARN_UNDECLARED_SELECTOR = YES;
				GCC_WARN_UNINITIALIZED_AUTOS = YES_AGGRESSIVE;
				GCC_WARN_UNUSED_FUNCTION = YES;
				GCC_WARN_UNUSED_VARIABLE = YES;
				MTL_ENABLE_DEBUG_INFO = NO;
				MTL_FAST_MATH = YES;
				SWIFT_COMPILATION_MODE = wholemodule;
				SWIFT_OPTIMIZATION_LEVEL = "-O";
			};
			name = Release;
		};
		F2E74D082921F73600BD35F6 /* Debug */ = {
			isa = XCBuildConfiguration;
			buildSettings = {
				ASSETCATALOG_COMPILER_APPICON_NAME = AppIcon;
				ASSETCATALOG_COMPILER_GLOBAL_ACCENT_COLOR_NAME = AccentColor;
				CODE_SIGN_ENTITLEMENTS = TodayworkoutDone/Resources/TodayworkoutDone.entitlements;
				CODE_SIGN_IDENTITY = "-";
				CODE_SIGN_STYLE = Automatic;
				CURRENT_PROJECT_VERSION = 1;
				DEAD_CODE_STRIPPING = YES;
				DEVELOPMENT_ASSET_PATHS = "\"TodayworkoutDone/Preview Content\"";
				DEVELOPMENT_TEAM = 3YQP9392XF;
				ENABLE_HARDENED_RUNTIME = YES;
				ENABLE_PREVIEWS = YES;
				GENERATE_INFOPLIST_FILE = YES;
				INFOPLIST_KEY_NSHealthShareUsageDescription = "We will sync your data with the Apple Health app to give you better insights";
				INFOPLIST_KEY_NSHealthUpdateUsageDescription = "We will sync your data with the Apple Health app to give you better insights";
				"INFOPLIST_KEY_UIApplicationSceneManifest_Generation[sdk=iphoneos*]" = YES;
				"INFOPLIST_KEY_UIApplicationSceneManifest_Generation[sdk=iphonesimulator*]" = YES;
				"INFOPLIST_KEY_UIApplicationSupportsIndirectInputEvents[sdk=iphoneos*]" = YES;
				"INFOPLIST_KEY_UIApplicationSupportsIndirectInputEvents[sdk=iphonesimulator*]" = YES;
				"INFOPLIST_KEY_UILaunchScreen_Generation[sdk=iphoneos*]" = YES;
				"INFOPLIST_KEY_UILaunchScreen_Generation[sdk=iphonesimulator*]" = YES;
				"INFOPLIST_KEY_UIStatusBarStyle[sdk=iphoneos*]" = UIStatusBarStyleDefault;
				"INFOPLIST_KEY_UIStatusBarStyle[sdk=iphonesimulator*]" = UIStatusBarStyleDefault;
				INFOPLIST_KEY_UISupportedInterfaceOrientations_iPad = "UIInterfaceOrientationPortrait UIInterfaceOrientationPortraitUpsideDown UIInterfaceOrientationLandscapeLeft UIInterfaceOrientationLandscapeRight";
				INFOPLIST_KEY_UISupportedInterfaceOrientations_iPhone = "UIInterfaceOrientationPortrait UIInterfaceOrientationLandscapeLeft UIInterfaceOrientationLandscapeRight";
				IPHONEOS_DEPLOYMENT_TARGET = 17.0;
				LD_RUNPATH_SEARCH_PATHS = "@executable_path/Frameworks";
				"LD_RUNPATH_SEARCH_PATHS[sdk=macosx*]" = "@executable_path/../Frameworks";
				MACOSX_DEPLOYMENT_TARGET = 13.0;
				MARKETING_VERSION = 1.0;
				PRODUCT_BUNDLE_IDENTIFIER = com.ocean.TodayworkoutDone;
				PRODUCT_NAME = "$(TARGET_NAME)";
				SDKROOT = auto;
				SUPPORTED_PLATFORMS = "iphoneos iphonesimulator macosx";
				SWIFT_EMIT_LOC_STRINGS = YES;
				SWIFT_VERSION = 5.0;
				TARGETED_DEVICE_FAMILY = "1,2";
			};
			name = Debug;
		};
		F2E74D092921F73600BD35F6 /* Release */ = {
			isa = XCBuildConfiguration;
			buildSettings = {
				ASSETCATALOG_COMPILER_APPICON_NAME = AppIcon;
				ASSETCATALOG_COMPILER_GLOBAL_ACCENT_COLOR_NAME = AccentColor;
				CODE_SIGN_ENTITLEMENTS = TodayworkoutDone/Resources/TodayworkoutDone.entitlements;
				CODE_SIGN_IDENTITY = "-";
				CODE_SIGN_STYLE = Automatic;
				CURRENT_PROJECT_VERSION = 1;
				DEAD_CODE_STRIPPING = YES;
				DEVELOPMENT_ASSET_PATHS = "\"TodayworkoutDone/Preview Content\"";
				DEVELOPMENT_TEAM = 3YQP9392XF;
				ENABLE_HARDENED_RUNTIME = YES;
				ENABLE_PREVIEWS = YES;
				GENERATE_INFOPLIST_FILE = YES;
				INFOPLIST_KEY_NSHealthShareUsageDescription = "We will sync your data with the Apple Health app to give you better insights";
				INFOPLIST_KEY_NSHealthUpdateUsageDescription = "We will sync your data with the Apple Health app to give you better insights";
				"INFOPLIST_KEY_UIApplicationSceneManifest_Generation[sdk=iphoneos*]" = YES;
				"INFOPLIST_KEY_UIApplicationSceneManifest_Generation[sdk=iphonesimulator*]" = YES;
				"INFOPLIST_KEY_UIApplicationSupportsIndirectInputEvents[sdk=iphoneos*]" = YES;
				"INFOPLIST_KEY_UIApplicationSupportsIndirectInputEvents[sdk=iphonesimulator*]" = YES;
				"INFOPLIST_KEY_UILaunchScreen_Generation[sdk=iphoneos*]" = YES;
				"INFOPLIST_KEY_UILaunchScreen_Generation[sdk=iphonesimulator*]" = YES;
				"INFOPLIST_KEY_UIStatusBarStyle[sdk=iphoneos*]" = UIStatusBarStyleDefault;
				"INFOPLIST_KEY_UIStatusBarStyle[sdk=iphonesimulator*]" = UIStatusBarStyleDefault;
				INFOPLIST_KEY_UISupportedInterfaceOrientations_iPad = "UIInterfaceOrientationPortrait UIInterfaceOrientationPortraitUpsideDown UIInterfaceOrientationLandscapeLeft UIInterfaceOrientationLandscapeRight";
				INFOPLIST_KEY_UISupportedInterfaceOrientations_iPhone = "UIInterfaceOrientationPortrait UIInterfaceOrientationLandscapeLeft UIInterfaceOrientationLandscapeRight";
				IPHONEOS_DEPLOYMENT_TARGET = 17.0;
				LD_RUNPATH_SEARCH_PATHS = "@executable_path/Frameworks";
				"LD_RUNPATH_SEARCH_PATHS[sdk=macosx*]" = "@executable_path/../Frameworks";
				MACOSX_DEPLOYMENT_TARGET = 13.0;
				MARKETING_VERSION = 1.0;
				PRODUCT_BUNDLE_IDENTIFIER = com.ocean.TodayworkoutDone;
				PRODUCT_NAME = "$(TARGET_NAME)";
				SDKROOT = auto;
				SUPPORTED_PLATFORMS = "iphoneos iphonesimulator macosx";
				SWIFT_EMIT_LOC_STRINGS = YES;
				SWIFT_VERSION = 5.0;
				TARGETED_DEVICE_FAMILY = "1,2";
			};
			name = Release;
		};
		F2E74D0B2921F73600BD35F6 /* Debug */ = {
			isa = XCBuildConfiguration;
			buildSettings = {
				ALWAYS_EMBED_SWIFT_STANDARD_LIBRARIES = YES;
				BUNDLE_LOADER = "$(TEST_HOST)";
				CODE_SIGN_STYLE = Automatic;
				CURRENT_PROJECT_VERSION = 1;
				DEAD_CODE_STRIPPING = YES;
				DEVELOPMENT_TEAM = 3YQP9392XF;
				GENERATE_INFOPLIST_FILE = YES;
				IPHONEOS_DEPLOYMENT_TARGET = 16.1;
				MACOSX_DEPLOYMENT_TARGET = 13.0;
				MARKETING_VERSION = 1.0;
				PRODUCT_BUNDLE_IDENTIFIER = com.ocean.TodayworkoutDoneTests;
				PRODUCT_NAME = "$(TARGET_NAME)";
				SDKROOT = auto;
				SUPPORTED_PLATFORMS = "iphoneos iphonesimulator macosx";
				SWIFT_EMIT_LOC_STRINGS = NO;
				SWIFT_VERSION = 5.0;
				TARGETED_DEVICE_FAMILY = "1,2";
				TEST_HOST = "$(BUILT_PRODUCTS_DIR)/TodayworkoutDone.app/$(BUNDLE_EXECUTABLE_FOLDER_PATH)/TodayworkoutDone";
			};
			name = Debug;
		};
		F2E74D0C2921F73600BD35F6 /* Release */ = {
			isa = XCBuildConfiguration;
			buildSettings = {
				ALWAYS_EMBED_SWIFT_STANDARD_LIBRARIES = YES;
				BUNDLE_LOADER = "$(TEST_HOST)";
				CODE_SIGN_STYLE = Automatic;
				CURRENT_PROJECT_VERSION = 1;
				DEAD_CODE_STRIPPING = YES;
				DEVELOPMENT_TEAM = 3YQP9392XF;
				GENERATE_INFOPLIST_FILE = YES;
				IPHONEOS_DEPLOYMENT_TARGET = 16.1;
				MACOSX_DEPLOYMENT_TARGET = 13.0;
				MARKETING_VERSION = 1.0;
				PRODUCT_BUNDLE_IDENTIFIER = com.ocean.TodayworkoutDoneTests;
				PRODUCT_NAME = "$(TARGET_NAME)";
				SDKROOT = auto;
				SUPPORTED_PLATFORMS = "iphoneos iphonesimulator macosx";
				SWIFT_EMIT_LOC_STRINGS = NO;
				SWIFT_VERSION = 5.0;
				TARGETED_DEVICE_FAMILY = "1,2";
				TEST_HOST = "$(BUILT_PRODUCTS_DIR)/TodayworkoutDone.app/$(BUNDLE_EXECUTABLE_FOLDER_PATH)/TodayworkoutDone";
			};
			name = Release;
		};
		F2E74D0E2921F73600BD35F6 /* Debug */ = {
			isa = XCBuildConfiguration;
			buildSettings = {
				ALWAYS_EMBED_SWIFT_STANDARD_LIBRARIES = YES;
				CODE_SIGN_STYLE = Automatic;
				CURRENT_PROJECT_VERSION = 1;
				DEAD_CODE_STRIPPING = YES;
				DEVELOPMENT_TEAM = 3YQP9392XF;
				GENERATE_INFOPLIST_FILE = YES;
				IPHONEOS_DEPLOYMENT_TARGET = 16.1;
				MACOSX_DEPLOYMENT_TARGET = 13.0;
				MARKETING_VERSION = 1.0;
				PRODUCT_BUNDLE_IDENTIFIER = com.ocean.TodayworkoutDoneUITests;
				PRODUCT_NAME = "$(TARGET_NAME)";
				SDKROOT = auto;
				SUPPORTED_PLATFORMS = "iphoneos iphonesimulator macosx";
				SWIFT_EMIT_LOC_STRINGS = NO;
				SWIFT_VERSION = 5.0;
				TARGETED_DEVICE_FAMILY = "1,2";
				TEST_TARGET_NAME = TodayworkoutDone;
			};
			name = Debug;
		};
		F2E74D0F2921F73600BD35F6 /* Release */ = {
			isa = XCBuildConfiguration;
			buildSettings = {
				ALWAYS_EMBED_SWIFT_STANDARD_LIBRARIES = YES;
				CODE_SIGN_STYLE = Automatic;
				CURRENT_PROJECT_VERSION = 1;
				DEAD_CODE_STRIPPING = YES;
				DEVELOPMENT_TEAM = 3YQP9392XF;
				GENERATE_INFOPLIST_FILE = YES;
				IPHONEOS_DEPLOYMENT_TARGET = 16.1;
				MACOSX_DEPLOYMENT_TARGET = 13.0;
				MARKETING_VERSION = 1.0;
				PRODUCT_BUNDLE_IDENTIFIER = com.ocean.TodayworkoutDoneUITests;
				PRODUCT_NAME = "$(TARGET_NAME)";
				SDKROOT = auto;
				SUPPORTED_PLATFORMS = "iphoneos iphonesimulator macosx";
				SWIFT_EMIT_LOC_STRINGS = NO;
				SWIFT_VERSION = 5.0;
				TARGETED_DEVICE_FAMILY = "1,2";
				TEST_TARGET_NAME = TodayworkoutDone;
			};
			name = Release;
		};
/* End XCBuildConfiguration section */

/* Begin XCConfigurationList section */
		F2E74CDD2921F73500BD35F6 /* Build configuration list for PBXProject "TodayworkoutDone" */ = {
			isa = XCConfigurationList;
			buildConfigurations = (
				F2E74D052921F73600BD35F6 /* Debug */,
				F2E74D062921F73600BD35F6 /* Release */,
			);
			defaultConfigurationIsVisible = 0;
			defaultConfigurationName = Release;
		};
		F2E74D072921F73600BD35F6 /* Build configuration list for PBXNativeTarget "TodayworkoutDone" */ = {
			isa = XCConfigurationList;
			buildConfigurations = (
				F2E74D082921F73600BD35F6 /* Debug */,
				F2E74D092921F73600BD35F6 /* Release */,
			);
			defaultConfigurationIsVisible = 0;
			defaultConfigurationName = Release;
		};
		F2E74D0A2921F73600BD35F6 /* Build configuration list for PBXNativeTarget "TodayworkoutDoneTests" */ = {
			isa = XCConfigurationList;
			buildConfigurations = (
				F2E74D0B2921F73600BD35F6 /* Debug */,
				F2E74D0C2921F73600BD35F6 /* Release */,
			);
			defaultConfigurationIsVisible = 0;
			defaultConfigurationName = Release;
		};
		F2E74D0D2921F73600BD35F6 /* Build configuration list for PBXNativeTarget "TodayworkoutDoneUITests" */ = {
			isa = XCConfigurationList;
			buildConfigurations = (
				F2E74D0E2921F73600BD35F6 /* Debug */,
				F2E74D0F2921F73600BD35F6 /* Release */,
			);
			defaultConfigurationIsVisible = 0;
			defaultConfigurationName = Release;
		};
/* End XCConfigurationList section */

/* Begin XCRemoteSwiftPackageReference section */
		F2709CC02C3D866A00302DB0 /* XCRemoteSwiftPackageReference "swift-composable-architecture" */ = {
			isa = XCRemoteSwiftPackageReference;
			repositoryURL = "https://github.com/pointfreeco/swift-composable-architecture";
			requirement = {
				kind = upToNextMajorVersion;
				minimumVersion = 1.11.2;
			};
		};
/* End XCRemoteSwiftPackageReference section */

/* Begin XCSwiftPackageProductDependency section */
		F2709CC12C3D866A00302DB0 /* ComposableArchitecture */ = {
			isa = XCSwiftPackageProductDependency;
			package = F2709CC02C3D866A00302DB0 /* XCRemoteSwiftPackageReference "swift-composable-architecture" */;
			productName = ComposableArchitecture;
		};
/* End XCSwiftPackageProductDependency section */
	};
	rootObject = F2E74CDA2921F73500BD35F6 /* Project object */;
}
